PODS:
  - AFNetworking (1.3.3)
  - libextobjc (0.4):
    - libextobjc/EXTADT
    - libextobjc/EXTConcreteProtocol
    - libextobjc/EXTKeyPathCoding
    - libextobjc/EXTNil
    - libextobjc/EXTSafeCategory
    - libextobjc/EXTScope
    - libextobjc/EXTSelectorChecking
    - libextobjc/EXTSynthesize
    - libextobjc/NSInvocation+EXT
    - libextobjc/NSMethodSignature+EXT
    - libextobjc/RuntimeExtensions
    - libextobjc/UmbrellaHeader
  - libextobjc/EXTADT (0.4):
    - libextobjc/RuntimeExtensions
  - libextobjc/EXTConcreteProtocol (0.4):
    - libextobjc/RuntimeExtensions
  - libextobjc/EXTKeyPathCoding (0.4):
    - libextobjc/RuntimeExtensions
  - libextobjc/EXTNil (0.4):
    - libextobjc/RuntimeExtensions
  - libextobjc/EXTSafeCategory (0.4):
    - libextobjc/RuntimeExtensions
  - libextobjc/EXTScope (0.4):
    - libextobjc/RuntimeExtensions
  - libextobjc/EXTSelectorChecking (0.4):
    - libextobjc/RuntimeExtensions
  - libextobjc/EXTSynthesize (0.4):
    - libextobjc/RuntimeExtensions
  - libextobjc/NSInvocation+EXT (0.4):
    - libextobjc/RuntimeExtensions
  - libextobjc/NSMethodSignature+EXT (0.4):
    - libextobjc/RuntimeExtensions
  - libextobjc/RuntimeExtensions (0.4)
  - libextobjc/UmbrellaHeader (0.4)
  - Objective-LevelDB (2.0.7):
    - Objective-LevelDB/leveldb
    - Objective-LevelDB/leveldb
  - Objective-LevelDB/leveldb (2.0.7):
    - Objective-LevelDB/leveldb
  - ReactiveCocoa (2.2.4):
    - ReactiveCocoa/Core
    - ReactiveCocoa/no-arc
  - ReactiveCocoa/Core (2.2.4):
    - ReactiveCocoa/no-arc
  - ReactiveCocoa/no-arc (2.2.4)

DEPENDENCIES:
  - AFNetworking (~> 1.3.3)
  - libextobjc (~> 0.4)
  - Objective-LevelDB (~> 2.0.7)
  - ReactiveCocoa (~> 2.2.4)

SPEC CHECKSUMS:
  AFNetworking: 61fdd49e2ffe6380378df37b3b6e70630bb9dd66
  libextobjc: 2c9fc8226f0f38e562587f65172f93f0c9b4a47a
  Objective-LevelDB: 8163d36d32e51b6d09ba7effad9e0e963ba44262
  ReactiveCocoa: 953a45dda30674fe704d1d9c77cc874141742f47

COCOAPODS: 0.32.1
