// !$*UTF8*$!
{
	archiveVersion = 1;
	classes = {
	};
	objectVersion = 46;
	objects = {

/* Begin PBXBuildFile section */
		3E08068F18FAB6BA003C2AC0 /* SFObjectServiceSession.m in Sources */ = {isa = PBXBuildFile; fileRef = 3E08068E18FAB6BA003C2AC0 /* SFObjectServiceSession.m */; settings = {COMPILER_FLAGS = "-fno-objc-arc"; }; };
		3E08069418FAB803003C2AC0 /* SFViewController.m in Sources */ = {isa = PBXBuildFile; fileRef = 3E08069318FAB803003C2AC0 /* SFViewController.m */; settings = {COMPILER_FLAGS = "-fno-objc-arc"; }; };
		3E105E8A1856DA08007326BE /* libSFFoundation.a in Frameworks */ = {isa = PBXBuildFile; fileRef = 3E105E821856D9FB007326BE /* libSFFoundation.a */; };
		3E105E8B1856DA08007326BE /* libSFiOSKit.a in Frameworks */ = {isa = PBXBuildFile; fileRef = 3E105E891856D9FD007326BE /* libSFiOSKit.a */; };
		3E19D65D1831D1A90048A788 /* ESAutoHeightWebView.m in Sources */ = {isa = PBXBuildFile; fileRef = 3E19D65C1831D1A90048A788 /* ESAutoHeightWebView.m */; };
		3E19D66A1831FC990048A788 /* ESHighlightManager.m in Sources */ = {isa = PBXBuildFile; fileRef = 3E19D6691831FC990048A788 /* ESHighlightManager.m */; };
		3E19D66D1831FCA70048A788 /* ESHighlight.m in Sources */ = {isa = PBXBuildFile; fileRef = 3E19D66C1831FCA70048A788 /* ESHighlight.m */; };
		3E2AE54E181D216C001AAE9D /* ESViewEpisodeController.m in Sources */ = {isa = PBXBuildFile; fileRef = 3E2AE54D181D216C001AAE9D /* ESViewEpisodeController.m */; };
		3E2AE553181D24F9001AAE9D /* ESLinearController.m in Sources */ = {isa = PBXBuildFile; fileRef = 3E2AE552181D24F9001AAE9D /* ESLinearController.m */; };
		3E2AE560181D3C90001AAE9D /* ESSoundPlayer.m in Sources */ = {isa = PBXBuildFile; fileRef = 3E2AE55F181D3C90001AAE9D /* ESSoundPlayer.m */; };
		3E2AE563181D3D42001AAE9D /* ESSoundPlayContext.m in Sources */ = {isa = PBXBuildFile; fileRef = 3E2AE562181D3D42001AAE9D /* ESSoundPlayContext.m */; };
		3E2AE565181D40BF001AAE9D /* AVFoundation.framework in Frameworks */ = {isa = PBXBuildFile; fileRef = 3E2AE564181D40BF001AAE9D /* AVFoundation.framework */; };
		3E2AE56A181D4C3D001AAE9D /* PlayerStatusView.m in Sources */ = {isa = PBXBuildFile; fileRef = 3E2AE569181D4C3D001AAE9D /* PlayerStatusView.m */; };
		3E2AE577181E3C2B001AAE9D /* ApplicationKeeper.m in Sources */ = {isa = PBXBuildFile; fileRef = 3E2AE576181E3C2B001AAE9D /* ApplicationKeeper.m */; };
		3E2AE579181E3C43001AAE9D /* ApplicationKeeper.mp3 in Resources */ = {isa = PBXBuildFile; fileRef = 3E2AE578181E3C43001AAE9D /* ApplicationKeeper.mp3 */; };
		3E40641418E465E0006B2B12 /* EpisodesViewController.m in Sources */ = {isa = PBXBuildFile; fileRef = 3E40641318E465E0006B2B12 /* EpisodesViewController.m */; };
		3E40641718E4668A006B2B12 /* EpisodesViewModel.m in Sources */ = {isa = PBXBuildFile; fileRef = 3E40641618E4668A006B2B12 /* EpisodesViewModel.m */; };
		3E48D4E61912764500548FAB /* ESNavigationController.m in Sources */ = {isa = PBXBuildFile; fileRef = 3E48D4E51912764500548FAB /* ESNavigationController.m */; };
		3E48D4EF1912930900548FAB /* SFDBCacheManager.m in Sources */ = {isa = PBXBuildFile; fileRef = 3E48D4EE1912930900548FAB /* SFDBCacheManager.m */; };
		3E5B786E191E461B000634A7 /* logo.gif in Resources */ = {isa = PBXBuildFile; fileRef = 3E5B786D191E461B000634A7 /* logo.gif */; };
		3E690417191294600099E71D /* libc++.dylib in Frameworks */ = {isa = PBXBuildFile; fileRef = 3E690416191294600099E71D /* libc++.dylib */; };
		3E69041C191298B50099E71D /* SFDownloadManager.m in Sources */ = {isa = PBXBuildFile; fileRef = 3E69041B191298B50099E71D /* SFDownloadManager.m */; };
		3E72471E18ED003A0055EB66 /* EpisodeDetailViewController.m in Sources */ = {isa = PBXBuildFile; fileRef = 3E72471D18ED003A0055EB66 /* EpisodeDetailViewController.m */; };
		3E72472318ED01AD0055EB66 /* EpisodeDetailViewModel.m in Sources */ = {isa = PBXBuildFile; fileRef = 3E72472218ED01AD0055EB66 /* EpisodeDetailViewModel.m */; };
		3E72472618ED074B0055EB66 /* MenuController.m in Sources */ = {isa = PBXBuildFile; fileRef = 3E72472518ED074B0055EB66 /* MenuController.m */; };
		3E72472B18ED1AFD0055EB66 /* DownloadsViewController.m in Sources */ = {isa = PBXBuildFile; fileRef = 3E72472A18ED1AFD0055EB66 /* DownloadsViewController.m */; };
		3E72473218ED205E0055EB66 /* LocalEpisodesViewController.m in Sources */ = {isa = PBXBuildFile; fileRef = 3E72473118ED205E0055EB66 /* LocalEpisodesViewController.m */; };
		3E72473518ED209E0055EB66 /* SettingsViewController.m in Sources */ = {isa = PBXBuildFile; fileRef = 3E72473418ED209E0055EB66 /* SettingsViewController.m */; };
		3E84594718F4F9A10045FFAF /* BaseViewModel.m in Sources */ = {isa = PBXBuildFile; fileRef = 3E84594618F4F9A10045FFAF /* BaseViewModel.m */; };
		3E98E10A181A01B000AF8C7F /* Foundation.framework in Frameworks */ = {isa = PBXBuildFile; fileRef = 3E98E109181A01B000AF8C7F /* Foundation.framework */; };
		3E98E10C181A01B000AF8C7F /* CoreGraphics.framework in Frameworks */ = {isa = PBXBuildFile; fileRef = 3E98E10B181A01B000AF8C7F /* CoreGraphics.framework */; };
		3E98E10E181A01B000AF8C7F /* UIKit.framework in Frameworks */ = {isa = PBXBuildFile; fileRef = 3E98E10D181A01B000AF8C7F /* UIKit.framework */; };
		3E98E114181A01B000AF8C7F /* InfoPlist.strings in Resources */ = {isa = PBXBuildFile; fileRef = 3E98E112181A01B000AF8C7F /* InfoPlist.strings */; };
		3E98E116181A01B000AF8C7F /* main.m in Sources */ = {isa = PBXBuildFile; fileRef = 3E98E115181A01B000AF8C7F /* main.m */; };
		3E98E11A181A01B000AF8C7F /* AppDelegate.m in Sources */ = {isa = PBXBuildFile; fileRef = 3E98E119181A01B000AF8C7F /* AppDelegate.m */; };
		3E98E11C181A01B000AF8C7F /* Images.xcassets in Resources */ = {isa = PBXBuildFile; fileRef = 3E98E11B181A01B000AF8C7F /* Images.xcassets */; };
		3E98E123181A01B000AF8C7F /* XCTest.framework in Frameworks */ = {isa = PBXBuildFile; fileRef = 3E98E122181A01B000AF8C7F /* XCTest.framework */; };
		3E98E124181A01B000AF8C7F /* Foundation.framework in Frameworks */ = {isa = PBXBuildFile; fileRef = 3E98E109181A01B000AF8C7F /* Foundation.framework */; };
		3E98E125181A01B000AF8C7F /* UIKit.framework in Frameworks */ = {isa = PBXBuildFile; fileRef = 3E98E10D181A01B000AF8C7F /* UIKit.framework */; };
		3E98E12D181A01B000AF8C7F /* InfoPlist.strings in Resources */ = {isa = PBXBuildFile; fileRef = 3E98E12B181A01B000AF8C7F /* InfoPlist.strings */; };
		3E98E12F181A01B000AF8C7F /* eslTests.m in Sources */ = {isa = PBXBuildFile; fileRef = 3E98E12E181A01B000AF8C7F /* eslTests.m */; };
		3E98E13B181A024100AF8C7F /* ESNewEpisodesController.m in Sources */ = {isa = PBXBuildFile; fileRef = 3E98E13A181A024100AF8C7F /* ESNewEpisodesController.m */; };
		3E98E13E181A02A900AF8C7F /* ESViewController.m in Sources */ = {isa = PBXBuildFile; fileRef = 3E98E13D181A02A900AF8C7F /* ESViewController.m */; };
		3E98E141181A04D600AF8C7F /* ESTableViewController.m in Sources */ = {isa = PBXBuildFile; fileRef = 3E98E140181A04D600AF8C7F /* ESTableViewController.m */; };
		3E98E155181A061300AF8C7F /* SystemConfiguration.framework in Frameworks */ = {isa = PBXBuildFile; fileRef = 3E98E154181A061300AF8C7F /* SystemConfiguration.framework */; };
		3E98E157181A061800AF8C7F /* QuartzCore.framework in Frameworks */ = {isa = PBXBuildFile; fileRef = 3E98E156181A061800AF8C7F /* QuartzCore.framework */; };
		3E98E159181A062800AF8C7F /* MobileCoreServices.framework in Frameworks */ = {isa = PBXBuildFile; fileRef = 3E98E158181A062800AF8C7F /* MobileCoreServices.framework */; };
		3E98E15B181A063600AF8C7F /* MapKit.framework in Frameworks */ = {isa = PBXBuildFile; fileRef = 3E98E15A181A063600AF8C7F /* MapKit.framework */; };
		3E98E15D181A064000AF8C7F /* libz.dylib in Frameworks */ = {isa = PBXBuildFile; fileRef = 3E98E15C181A064000AF8C7F /* libz.dylib */; };
		3E98E15F181A064400AF8C7F /* libxml2.dylib in Frameworks */ = {isa = PBXBuildFile; fileRef = 3E98E15E181A064400AF8C7F /* libxml2.dylib */; };
		3E98E161181A065100AF8C7F /* CoreLocation.framework in Frameworks */ = {isa = PBXBuildFile; fileRef = 3E98E160181A065100AF8C7F /* CoreLocation.framework */; };
		3E98E163181A065700AF8C7F /* CFNetwork.framework in Frameworks */ = {isa = PBXBuildFile; fileRef = 3E98E162181A065700AF8C7F /* CFNetwork.framework */; };
		3E98E167181A075800AF8C7F /* ESUIDefaults.m in Sources */ = {isa = PBXBuildFile; fileRef = 3E98E166181A075800AF8C7F /* ESUIDefaults.m */; };
		3E98E168181A075800AF8C7F /* ESUIDefaults.m in Sources */ = {isa = PBXBuildFile; fileRef = 3E98E166181A075800AF8C7F /* ESUIDefaults.m */; };
		3E98E16C181A087700AF8C7F /* ESEpisode.m in Sources */ = {isa = PBXBuildFile; fileRef = 3E98E16B181A087700AF8C7F /* ESEpisode.m */; };
		3E98E16D181A087700AF8C7F /* ESEpisode.m in Sources */ = {isa = PBXBuildFile; fileRef = 3E98E16B181A087700AF8C7F /* ESEpisode.m */; };
		3E98E197181B6DE300AF8C7F /* ESServiceSession.m in Sources */ = {isa = PBXBuildFile; fileRef = 3E98E196181B6DE300AF8C7F /* ESServiceSession.m */; };
		3E98E19C181B6E7400AF8C7F /* ESHTTPRequest.m in Sources */ = {isa = PBXBuildFile; fileRef = 3E98E19B181B6E7400AF8C7F /* ESHTTPRequest.m */; };
		3E98E1A8181CADDA00AF8C7F /* ESESLEpisodeManager.m in Sources */ = {isa = PBXBuildFile; fileRef = 3E98E1A7181CADDA00AF8C7F /* ESESLEpisodeManager.m */; };
		3E98E1AE181CB19300AF8C7F /* ESRequestProxyWrapper.m in Sources */ = {isa = PBXBuildFile; fileRef = 3E98E1AD181CB19300AF8C7F /* ESRequestProxyWrapper.m */; };
		3EC70D1018EE8A6A00DA777A /* ESSoundDownloadManager.m in Sources */ = {isa = PBXBuildFile; fileRef = 3EC70D0F18EE8A6A00DA777A /* ESSoundDownloadManager.m */; };
		3EC7F555192506910079B40F /* ShowSideMenuImage.xib in Resources */ = {isa = PBXBuildFile; fileRef = 3EC7F554192506910079B40F /* ShowSideMenuImage.xib */; };
		3ECA51FD181B474F00740EAF /* ESService.m in Sources */ = {isa = PBXBuildFile; fileRef = 3ECA51FC181B474F00740EAF /* ESService.m */; };
		3ECA5206181C168400740EAF /* ESEpisodeService.m in Sources */ = {isa = PBXBuildFile; fileRef = 3ECA5205181C168400740EAF /* ESEpisodeService.m */; };
		3ECA5215181D00C100740EAF /* ESLocalEpisodesController.m in Sources */ = {isa = PBXBuildFile; fileRef = 3ECA5214181D00C100740EAF /* ESLocalEpisodesController.m */; };
		3ECA5220181EB5F800740EAF /* ODRefreshControl.m in Sources */ = {isa = PBXBuildFile; fileRef = 3ECA521F181EB5F800740EAF /* ODRefreshControl.m */; };
		3EF0F05D182A1E430032DC7F /* ESEnglishpodManager.m in Sources */ = {isa = PBXBuildFile; fileRef = 3EF0F05C182A1E430032DC7F /* ESEnglishpodManager.m */; };
		3EF0F060182A1EA80032DC7F /* ESSharedEpisodeManager.m in Sources */ = {isa = PBXBuildFile; fileRef = 3EF0F05F182A1EA80032DC7F /* ESSharedEpisodeManager.m */; };
		3EF0F063182A1EE60032DC7F /* ESEpisodeManager.m in Sources */ = {isa = PBXBuildFile; fileRef = 3EF0F062182A1EE60032DC7F /* ESEpisodeManager.m */; };
		3EF0F076182A38F60032DC7F /* icon_local_list.png in Resources */ = {isa = PBXBuildFile; fileRef = 3EF0F072182A38F60032DC7F /* icon_local_list.png */; };
		3EF0F077182A38F60032DC7F /* icon_local_list@2x.png in Resources */ = {isa = PBXBuildFile; fileRef = 3EF0F073182A38F60032DC7F /* icon_local_list@2x.png */; };
		3EF0F078182A38F60032DC7F /* icon_news_list.png in Resources */ = {isa = PBXBuildFile; fileRef = 3EF0F074182A38F60032DC7F /* icon_news_list.png */; };
		3EF0F079182A38F60032DC7F /* icon_news_list@2x.png in Resources */ = {isa = PBXBuildFile; fileRef = 3EF0F075182A38F60032DC7F /* icon_news_list@2x.png */; };
		3EF77C801855CE8500B95134 /* ASIAuthenticationDialog.m in Sources */ = {isa = PBXBuildFile; fileRef = 3EF77C691855CE8500B95134 /* ASIAuthenticationDialog.m */; settings = {COMPILER_FLAGS = "-fno-objc-arc"; }; };
		3EF77C811855CE8500B95134 /* ASIDataCompressor.m in Sources */ = {isa = PBXBuildFile; fileRef = 3EF77C6C1855CE8500B95134 /* ASIDataCompressor.m */; settings = {COMPILER_FLAGS = "-fno-objc-arc"; }; };
		3EF77C821855CE8500B95134 /* ASIDataDecompressor.m in Sources */ = {isa = PBXBuildFile; fileRef = 3EF77C6E1855CE8500B95134 /* ASIDataDecompressor.m */; settings = {COMPILER_FLAGS = "-fno-objc-arc"; }; };
		3EF77C831855CE8500B95134 /* ASIDownloadCache.m in Sources */ = {isa = PBXBuildFile; fileRef = 3EF77C701855CE8500B95134 /* ASIDownloadCache.m */; settings = {COMPILER_FLAGS = "-fno-objc-arc"; }; };
		3EF77C841855CE8500B95134 /* ASIFormDataRequest.m in Sources */ = {isa = PBXBuildFile; fileRef = 3EF77C721855CE8500B95134 /* ASIFormDataRequest.m */; settings = {COMPILER_FLAGS = "-fno-objc-arc"; }; };
		3EF77C851855CE8500B95134 /* ASIHTTPRequest.m in Sources */ = {isa = PBXBuildFile; fileRef = 3EF77C741855CE8500B95134 /* ASIHTTPRequest.m */; settings = {COMPILER_FLAGS = "-fno-objc-arc"; }; };
		3EF77C861855CE8500B95134 /* ASIInputStream.m in Sources */ = {isa = PBXBuildFile; fileRef = 3EF77C781855CE8500B95134 /* ASIInputStream.m */; settings = {COMPILER_FLAGS = "-fno-objc-arc"; }; };
		3EF77C871855CE8500B95134 /* ASINetworkQueue.m in Sources */ = {isa = PBXBuildFile; fileRef = 3EF77C7A1855CE8500B95134 /* ASINetworkQueue.m */; settings = {COMPILER_FLAGS = "-fno-objc-arc"; }; };
		3EF77C881855CE8500B95134 /* ASIWebPageRequest.m in Sources */ = {isa = PBXBuildFile; fileRef = 3EF77C7D1855CE8500B95134 /* ASIWebPageRequest.m */; settings = {COMPILER_FLAGS = "-fno-objc-arc"; }; };
		3EF77C891855CE8500B95134 /* Reachability.m in Sources */ = {isa = PBXBuildFile; fileRef = 3EF77C7F1855CE8500B95134 /* Reachability.m */; settings = {COMPILER_FLAGS = "-fno-objc-arc"; }; };
		73F77C77737E43BEABCE884F /* libPods.a in Frameworks */ = {isa = PBXBuildFile; fileRef = 738F5CF723674A96AFDF4C1B /* libPods.a */; };
/* End PBXBuildFile section */

/* Begin PBXContainerItemProxy section */
		3E105E811856D9FB007326BE /* PBXContainerItemProxy */ = {
			isa = PBXContainerItemProxy;
			containerPortal = 3E105E7D1856D9FB007326BE /* SFFoundation.xcodeproj */;
			proxyType = 2;
			remoteGlobalIDString = 3EC67D611828D10000B6190E;
			remoteInfo = SFFoundation;
		};
		3E105E881856D9FD007326BE /* PBXContainerItemProxy */ = {
			isa = PBXContainerItemProxy;
			containerPortal = 3E105E831856D9FD007326BE /* SFiOSKit.xcodeproj */;
			proxyType = 2;
			remoteGlobalIDString = 3ED59DB91828D33A002531DD;
			remoteInfo = SFiOSKit;
		};
		3E98E126181A01B000AF8C7F /* PBXContainerItemProxy */ = {
			isa = PBXContainerItemProxy;
			containerPortal = 3E98E0FE181A01B000AF8C7F /* Project object */;
			proxyType = 1;
			remoteGlobalIDString = 3E98E105181A01B000AF8C7F;
			remoteInfo = esl;
		};
/* End PBXContainerItemProxy section */

/* Begin PBXFileReference section */
		3E08068D18FAB6BA003C2AC0 /* SFObjectServiceSession.h */ = {isa = PBXFileReference; fileEncoding = 4; lastKnownFileType = sourcecode.c.h; path = SFObjectServiceSession.h; sourceTree = "<group>"; };
		3E08068E18FAB6BA003C2AC0 /* SFObjectServiceSession.m */ = {isa = PBXFileReference; fileEncoding = 4; lastKnownFileType = sourcecode.c.objc; path = SFObjectServiceSession.m; sourceTree = "<group>"; };
		3E08069218FAB803003C2AC0 /* SFViewController.h */ = {isa = PBXFileReference; fileEncoding = 4; lastKnownFileType = sourcecode.c.h; path = SFViewController.h; sourceTree = "<group>"; };
		3E08069318FAB803003C2AC0 /* SFViewController.m */ = {isa = PBXFileReference; fileEncoding = 4; lastKnownFileType = sourcecode.c.objc; path = SFViewController.m; sourceTree = "<group>"; };
		3E105E7D1856D9FB007326BE /* SFFoundation.xcodeproj */ = {isa = PBXFileReference; lastKnownFileType = "wrapper.pb-project"; name = SFFoundation.xcodeproj; path = ../../SFLibraries/SFFoundation/SFFoundation.xcodeproj; sourceTree = "<group>"; };
		3E105E831856D9FD007326BE /* SFiOSKit.xcodeproj */ = {isa = PBXFileReference; lastKnownFileType = "wrapper.pb-project"; name = SFiOSKit.xcodeproj; path = ../../SFLibraries/SFiOSKit/SFiOSKit.xcodeproj; sourceTree = "<group>"; };
		3E19D65B1831D1A90048A788 /* ESAutoHeightWebView.h */ = {isa = PBXFileReference; fileEncoding = 4; lastKnownFileType = sourcecode.c.h; path = ESAutoHeightWebView.h; sourceTree = "<group>"; };
		3E19D65C1831D1A90048A788 /* ESAutoHeightWebView.m */ = {isa = PBXFileReference; fileEncoding = 4; lastKnownFileType = sourcecode.c.objc; path = ESAutoHeightWebView.m; sourceTree = "<group>"; };
		3E19D6681831FC990048A788 /* ESHighlightManager.h */ = {isa = PBXFileReference; fileEncoding = 4; lastKnownFileType = sourcecode.c.h; path = ESHighlightManager.h; sourceTree = "<group>"; };
		3E19D6691831FC990048A788 /* ESHighlightManager.m */ = {isa = PBXFileReference; fileEncoding = 4; lastKnownFileType = sourcecode.c.objc; path = ESHighlightManager.m; sourceTree = "<group>"; };
		3E19D66B1831FCA70048A788 /* ESHighlight.h */ = {isa = PBXFileReference; fileEncoding = 4; lastKnownFileType = sourcecode.c.h; path = ESHighlight.h; sourceTree = "<group>"; };
		3E19D66C1831FCA70048A788 /* ESHighlight.m */ = {isa = PBXFileReference; fileEncoding = 4; lastKnownFileType = sourcecode.c.objc; path = ESHighlight.m; sourceTree = "<group>"; };
		3E2AE54C181D216C001AAE9D /* ESViewEpisodeController.h */ = {isa = PBXFileReference; fileEncoding = 4; lastKnownFileType = sourcecode.c.h; path = ESViewEpisodeController.h; sourceTree = "<group>"; };
		3E2AE54D181D216C001AAE9D /* ESViewEpisodeController.m */ = {isa = PBXFileReference; fileEncoding = 4; lastKnownFileType = sourcecode.c.objc; path = ESViewEpisodeController.m; sourceTree = "<group>"; };
		3E2AE551181D24F9001AAE9D /* ESLinearController.h */ = {isa = PBXFileReference; fileEncoding = 4; lastKnownFileType = sourcecode.c.h; path = ESLinearController.h; sourceTree = "<group>"; };
		3E2AE552181D24F9001AAE9D /* ESLinearController.m */ = {isa = PBXFileReference; fileEncoding = 4; lastKnownFileType = sourcecode.c.objc; path = ESLinearController.m; sourceTree = "<group>"; };
		3E2AE55E181D3C90001AAE9D /* ESSoundPlayer.h */ = {isa = PBXFileReference; fileEncoding = 4; lastKnownFileType = sourcecode.c.h; path = ESSoundPlayer.h; sourceTree = "<group>"; };
		3E2AE55F181D3C90001AAE9D /* ESSoundPlayer.m */ = {isa = PBXFileReference; fileEncoding = 4; lastKnownFileType = sourcecode.c.objc; path = ESSoundPlayer.m; sourceTree = "<group>"; };
		3E2AE561181D3D42001AAE9D /* ESSoundPlayContext.h */ = {isa = PBXFileReference; fileEncoding = 4; lastKnownFileType = sourcecode.c.h; path = ESSoundPlayContext.h; sourceTree = "<group>"; };
		3E2AE562181D3D42001AAE9D /* ESSoundPlayContext.m */ = {isa = PBXFileReference; fileEncoding = 4; lastKnownFileType = sourcecode.c.objc; path = ESSoundPlayContext.m; sourceTree = "<group>"; };
		3E2AE564181D40BF001AAE9D /* AVFoundation.framework */ = {isa = PBXFileReference; lastKnownFileType = wrapper.framework; name = AVFoundation.framework; path = System/Library/Frameworks/AVFoundation.framework; sourceTree = SDKROOT; };
		3E2AE568181D4C3D001AAE9D /* PlayerStatusView.h */ = {isa = PBXFileReference; fileEncoding = 4; lastKnownFileType = sourcecode.c.h; path = PlayerStatusView.h; sourceTree = "<group>"; };
		3E2AE569181D4C3D001AAE9D /* PlayerStatusView.m */ = {isa = PBXFileReference; fileEncoding = 4; lastKnownFileType = sourcecode.c.objc; path = PlayerStatusView.m; sourceTree = "<group>"; };
		3E2AE575181E3C2B001AAE9D /* ApplicationKeeper.h */ = {isa = PBXFileReference; fileEncoding = 4; lastKnownFileType = sourcecode.c.h; path = ApplicationKeeper.h; sourceTree = "<group>"; };
		3E2AE576181E3C2B001AAE9D /* ApplicationKeeper.m */ = {isa = PBXFileReference; fileEncoding = 4; lastKnownFileType = sourcecode.c.objc; path = ApplicationKeeper.m; sourceTree = "<group>"; };
		3E2AE578181E3C43001AAE9D /* ApplicationKeeper.mp3 */ = {isa = PBXFileReference; lastKnownFileType = audio.mp3; path = ApplicationKeeper.mp3; sourceTree = "<group>"; };
		3E40641218E465E0006B2B12 /* EpisodesViewController.h */ = {isa = PBXFileReference; fileEncoding = 4; lastKnownFileType = sourcecode.c.h; path = EpisodesViewController.h; sourceTree = "<group>"; };
		3E40641318E465E0006B2B12 /* EpisodesViewController.m */ = {isa = PBXFileReference; fileEncoding = 4; lastKnownFileType = sourcecode.c.objc; path = EpisodesViewController.m; sourceTree = "<group>"; };
		3E40641518E4668A006B2B12 /* EpisodesViewModel.h */ = {isa = PBXFileReference; fileEncoding = 4; lastKnownFileType = sourcecode.c.h; path = EpisodesViewModel.h; sourceTree = "<group>"; };
		3E40641618E4668A006B2B12 /* EpisodesViewModel.m */ = {isa = PBXFileReference; fileEncoding = 4; lastKnownFileType = sourcecode.c.objc; path = EpisodesViewModel.m; sourceTree = "<group>"; };
		3E48D4E41912764500548FAB /* ESNavigationController.h */ = {isa = PBXFileReference; fileEncoding = 4; lastKnownFileType = sourcecode.c.h; path = ESNavigationController.h; sourceTree = "<group>"; };
		3E48D4E51912764500548FAB /* ESNavigationController.m */ = {isa = PBXFileReference; fileEncoding = 4; lastKnownFileType = sourcecode.c.objc; path = ESNavigationController.m; sourceTree = "<group>"; };
		3E48D4ED1912930900548FAB /* SFDBCacheManager.h */ = {isa = PBXFileReference; fileEncoding = 4; lastKnownFileType = sourcecode.c.h; path = SFDBCacheManager.h; sourceTree = "<group>"; };
		3E48D4EE1912930900548FAB /* SFDBCacheManager.m */ = {isa = PBXFileReference; fileEncoding = 4; lastKnownFileType = sourcecode.c.objc; path = SFDBCacheManager.m; sourceTree = "<group>"; };
		3E5B786D191E461B000634A7 /* logo.gif */ = {isa = PBXFileReference; lastKnownFileType = image.gif; path = logo.gif; sourceTree = "<group>"; };
		3E690416191294600099E71D /* libc++.dylib */ = {isa = PBXFileReference; lastKnownFileType = "compiled.mach-o.dylib"; name = "libc++.dylib"; path = "usr/lib/libc++.dylib"; sourceTree = SDKROOT; };
		3E69041A191298B50099E71D /* SFDownloadManager.h */ = {isa = PBXFileReference; fileEncoding = 4; lastKnownFileType = sourcecode.c.h; path = SFDownloadManager.h; sourceTree = "<group>"; };
		3E69041B191298B50099E71D /* SFDownloadManager.m */ = {isa = PBXFileReference; fileEncoding = 4; lastKnownFileType = sourcecode.c.objc; path = SFDownloadManager.m; sourceTree = "<group>"; };
		3E72471C18ED003A0055EB66 /* EpisodeDetailViewController.h */ = {isa = PBXFileReference; fileEncoding = 4; lastKnownFileType = sourcecode.c.h; path = EpisodeDetailViewController.h; sourceTree = "<group>"; };
		3E72471D18ED003A0055EB66 /* EpisodeDetailViewController.m */ = {isa = PBXFileReference; fileEncoding = 4; lastKnownFileType = sourcecode.c.objc; path = EpisodeDetailViewController.m; sourceTree = "<group>"; };
		3E72472118ED01AD0055EB66 /* EpisodeDetailViewModel.h */ = {isa = PBXFileReference; fileEncoding = 4; lastKnownFileType = sourcecode.c.h; path = EpisodeDetailViewModel.h; sourceTree = "<group>"; };
		3E72472218ED01AD0055EB66 /* EpisodeDetailViewModel.m */ = {isa = PBXFileReference; fileEncoding = 4; lastKnownFileType = sourcecode.c.objc; path = EpisodeDetailViewModel.m; sourceTree = "<group>"; };
		3E72472418ED074B0055EB66 /* MenuController.h */ = {isa = PBXFileReference; fileEncoding = 4; lastKnownFileType = sourcecode.c.h; path = MenuController.h; sourceTree = "<group>"; };
		3E72472518ED074B0055EB66 /* MenuController.m */ = {isa = PBXFileReference; fileEncoding = 4; lastKnownFileType = sourcecode.c.objc; path = MenuController.m; sourceTree = "<group>"; };
		3E72472918ED1AFD0055EB66 /* DownloadsViewController.h */ = {isa = PBXFileReference; fileEncoding = 4; lastKnownFileType = sourcecode.c.h; path = DownloadsViewController.h; sourceTree = "<group>"; };
		3E72472A18ED1AFD0055EB66 /* DownloadsViewController.m */ = {isa = PBXFileReference; fileEncoding = 4; lastKnownFileType = sourcecode.c.objc; path = DownloadsViewController.m; sourceTree = "<group>"; };
		3E72473018ED205E0055EB66 /* LocalEpisodesViewController.h */ = {isa = PBXFileReference; fileEncoding = 4; lastKnownFileType = sourcecode.c.h; path = LocalEpisodesViewController.h; sourceTree = "<group>"; };
		3E72473118ED205E0055EB66 /* LocalEpisodesViewController.m */ = {isa = PBXFileReference; fileEncoding = 4; lastKnownFileType = sourcecode.c.objc; path = LocalEpisodesViewController.m; sourceTree = "<group>"; };
		3E72473318ED209E0055EB66 /* SettingsViewController.h */ = {isa = PBXFileReference; fileEncoding = 4; lastKnownFileType = sourcecode.c.h; path = SettingsViewController.h; sourceTree = "<group>"; };
		3E72473418ED209E0055EB66 /* SettingsViewController.m */ = {isa = PBXFileReference; fileEncoding = 4; lastKnownFileType = sourcecode.c.objc; path = SettingsViewController.m; sourceTree = "<group>"; };
		3E84594518F4F9A10045FFAF /* BaseViewModel.h */ = {isa = PBXFileReference; fileEncoding = 4; lastKnownFileType = sourcecode.c.h; path = BaseViewModel.h; sourceTree = "<group>"; };
		3E84594618F4F9A10045FFAF /* BaseViewModel.m */ = {isa = PBXFileReference; fileEncoding = 4; lastKnownFileType = sourcecode.c.objc; path = BaseViewModel.m; sourceTree = "<group>"; };
		3E98E106181A01B000AF8C7F /* esl.app */ = {isa = PBXFileReference; explicitFileType = wrapper.application; includeInIndex = 0; path = esl.app; sourceTree = BUILT_PRODUCTS_DIR; };
		3E98E109181A01B000AF8C7F /* Foundation.framework */ = {isa = PBXFileReference; lastKnownFileType = wrapper.framework; name = Foundation.framework; path = System/Library/Frameworks/Foundation.framework; sourceTree = SDKROOT; };
		3E98E10B181A01B000AF8C7F /* CoreGraphics.framework */ = {isa = PBXFileReference; lastKnownFileType = wrapper.framework; name = CoreGraphics.framework; path = System/Library/Frameworks/CoreGraphics.framework; sourceTree = SDKROOT; };
		3E98E10D181A01B000AF8C7F /* UIKit.framework */ = {isa = PBXFileReference; lastKnownFileType = wrapper.framework; name = UIKit.framework; path = System/Library/Frameworks/UIKit.framework; sourceTree = SDKROOT; };
		3E98E111181A01B000AF8C7F /* esl-Info.plist */ = {isa = PBXFileReference; lastKnownFileType = text.plist.xml; path = "esl-Info.plist"; sourceTree = "<group>"; };
		3E98E113181A01B000AF8C7F /* en */ = {isa = PBXFileReference; lastKnownFileType = text.plist.strings; name = en; path = en.lproj/InfoPlist.strings; sourceTree = "<group>"; };
		3E98E115181A01B000AF8C7F /* main.m */ = {isa = PBXFileReference; lastKnownFileType = sourcecode.c.objc; path = main.m; sourceTree = "<group>"; };
		3E98E117181A01B000AF8C7F /* esl-Prefix.pch */ = {isa = PBXFileReference; lastKnownFileType = sourcecode.c.h; path = "esl-Prefix.pch"; sourceTree = "<group>"; };
		3E98E118181A01B000AF8C7F /* AppDelegate.h */ = {isa = PBXFileReference; lastKnownFileType = sourcecode.c.h; path = AppDelegate.h; sourceTree = "<group>"; };
		3E98E119181A01B000AF8C7F /* AppDelegate.m */ = {isa = PBXFileReference; lastKnownFileType = sourcecode.c.objc; path = AppDelegate.m; sourceTree = "<group>"; };
		3E98E11B181A01B000AF8C7F /* Images.xcassets */ = {isa = PBXFileReference; lastKnownFileType = folder.assetcatalog; path = Images.xcassets; sourceTree = "<group>"; };
		3E98E121181A01B000AF8C7F /* eslTests.xctest */ = {isa = PBXFileReference; explicitFileType = wrapper.cfbundle; includeInIndex = 0; path = eslTests.xctest; sourceTree = BUILT_PRODUCTS_DIR; };
		3E98E122181A01B000AF8C7F /* XCTest.framework */ = {isa = PBXFileReference; lastKnownFileType = wrapper.framework; name = XCTest.framework; path = Library/Frameworks/XCTest.framework; sourceTree = DEVELOPER_DIR; };
		3E98E12A181A01B000AF8C7F /* eslTests-Info.plist */ = {isa = PBXFileReference; lastKnownFileType = text.plist.xml; path = "eslTests-Info.plist"; sourceTree = "<group>"; };
		3E98E12C181A01B000AF8C7F /* en */ = {isa = PBXFileReference; lastKnownFileType = text.plist.strings; name = en; path = en.lproj/InfoPlist.strings; sourceTree = "<group>"; };
		3E98E12E181A01B000AF8C7F /* eslTests.m */ = {isa = PBXFileReference; lastKnownFileType = sourcecode.c.objc; path = eslTests.m; sourceTree = "<group>"; };
		3E98E139181A024100AF8C7F /* ESNewEpisodesController.h */ = {isa = PBXFileReference; fileEncoding = 4; lastKnownFileType = sourcecode.c.h; path = ESNewEpisodesController.h; sourceTree = "<group>"; };
		3E98E13A181A024100AF8C7F /* ESNewEpisodesController.m */ = {isa = PBXFileReference; fileEncoding = 4; lastKnownFileType = sourcecode.c.objc; path = ESNewEpisodesController.m; sourceTree = "<group>"; };
		3E98E13C181A02A900AF8C7F /* ESViewController.h */ = {isa = PBXFileReference; fileEncoding = 4; lastKnownFileType = sourcecode.c.h; path = ESViewController.h; sourceTree = "<group>"; };
		3E98E13D181A02A900AF8C7F /* ESViewController.m */ = {isa = PBXFileReference; fileEncoding = 4; lastKnownFileType = sourcecode.c.objc; path = ESViewController.m; sourceTree = "<group>"; };
		3E98E13F181A04D600AF8C7F /* ESTableViewController.h */ = {isa = PBXFileReference; fileEncoding = 4; lastKnownFileType = sourcecode.c.h; path = ESTableViewController.h; sourceTree = "<group>"; };
		3E98E140181A04D600AF8C7F /* ESTableViewController.m */ = {isa = PBXFileReference; fileEncoding = 4; lastKnownFileType = sourcecode.c.objc; path = ESTableViewController.m; sourceTree = "<group>"; };
		3E98E154181A061300AF8C7F /* SystemConfiguration.framework */ = {isa = PBXFileReference; lastKnownFileType = wrapper.framework; name = SystemConfiguration.framework; path = System/Library/Frameworks/SystemConfiguration.framework; sourceTree = SDKROOT; };
		3E98E156181A061800AF8C7F /* QuartzCore.framework */ = {isa = PBXFileReference; lastKnownFileType = wrapper.framework; name = QuartzCore.framework; path = System/Library/Frameworks/QuartzCore.framework; sourceTree = SDKROOT; };
		3E98E158181A062800AF8C7F /* MobileCoreServices.framework */ = {isa = PBXFileReference; lastKnownFileType = wrapper.framework; name = MobileCoreServices.framework; path = System/Library/Frameworks/MobileCoreServices.framework; sourceTree = SDKROOT; };
		3E98E15A181A063600AF8C7F /* MapKit.framework */ = {isa = PBXFileReference; lastKnownFileType = wrapper.framework; name = MapKit.framework; path = System/Library/Frameworks/MapKit.framework; sourceTree = SDKROOT; };
		3E98E15C181A064000AF8C7F /* libz.dylib */ = {isa = PBXFileReference; lastKnownFileType = "compiled.mach-o.dylib"; name = libz.dylib; path = usr/lib/libz.dylib; sourceTree = SDKROOT; };
		3E98E15E181A064400AF8C7F /* libxml2.dylib */ = {isa = PBXFileReference; lastKnownFileType = "compiled.mach-o.dylib"; name = libxml2.dylib; path = usr/lib/libxml2.dylib; sourceTree = SDKROOT; };
		3E98E160181A065100AF8C7F /* CoreLocation.framework */ = {isa = PBXFileReference; lastKnownFileType = wrapper.framework; name = CoreLocation.framework; path = System/Library/Frameworks/CoreLocation.framework; sourceTree = SDKROOT; };
		3E98E162181A065700AF8C7F /* CFNetwork.framework */ = {isa = PBXFileReference; lastKnownFileType = wrapper.framework; name = CFNetwork.framework; path = System/Library/Frameworks/CFNetwork.framework; sourceTree = SDKROOT; };
		3E98E165181A075800AF8C7F /* ESUIDefaults.h */ = {isa = PBXFileReference; fileEncoding = 4; lastKnownFileType = sourcecode.c.h; path = ESUIDefaults.h; sourceTree = "<group>"; };
		3E98E166181A075800AF8C7F /* ESUIDefaults.m */ = {isa = PBXFileReference; fileEncoding = 4; lastKnownFileType = sourcecode.c.objc; path = ESUIDefaults.m; sourceTree = "<group>"; };
		3E98E16A181A087700AF8C7F /* ESEpisode.h */ = {isa = PBXFileReference; fileEncoding = 4; lastKnownFileType = sourcecode.c.h; path = ESEpisode.h; sourceTree = "<group>"; };
		3E98E16B181A087700AF8C7F /* ESEpisode.m */ = {isa = PBXFileReference; fileEncoding = 4; lastKnownFileType = sourcecode.c.objc; path = ESEpisode.m; sourceTree = "<group>"; };
		3E98E195181B6DE300AF8C7F /* ESServiceSession.h */ = {isa = PBXFileReference; fileEncoding = 4; lastKnownFileType = sourcecode.c.h; path = ESServiceSession.h; sourceTree = "<group>"; };
		3E98E196181B6DE300AF8C7F /* ESServiceSession.m */ = {isa = PBXFileReference; fileEncoding = 4; lastKnownFileType = sourcecode.c.objc; path = ESServiceSession.m; sourceTree = "<group>"; };
		3E98E19A181B6E7400AF8C7F /* ESHTTPRequest.h */ = {isa = PBXFileReference; fileEncoding = 4; lastKnownFileType = sourcecode.c.h; path = ESHTTPRequest.h; sourceTree = "<group>"; };
		3E98E19B181B6E7400AF8C7F /* ESHTTPRequest.m */ = {isa = PBXFileReference; fileEncoding = 4; lastKnownFileType = sourcecode.c.objc; path = ESHTTPRequest.m; sourceTree = "<group>"; };
		3E98E1A6181CADDA00AF8C7F /* ESESLEpisodeManager.h */ = {isa = PBXFileReference; fileEncoding = 4; lastKnownFileType = sourcecode.c.h; path = ESESLEpisodeManager.h; sourceTree = "<group>"; };
		3E98E1A7181CADDA00AF8C7F /* ESESLEpisodeManager.m */ = {isa = PBXFileReference; fileEncoding = 4; lastKnownFileType = sourcecode.c.objc; path = ESESLEpisodeManager.m; sourceTree = "<group>"; };
		3E98E1AC181CB19300AF8C7F /* ESRequestProxyWrapper.h */ = {isa = PBXFileReference; fileEncoding = 4; lastKnownFileType = sourcecode.c.h; path = ESRequestProxyWrapper.h; sourceTree = "<group>"; };
		3E98E1AD181CB19300AF8C7F /* ESRequestProxyWrapper.m */ = {isa = PBXFileReference; fileEncoding = 4; lastKnownFileType = sourcecode.c.objc; path = ESRequestProxyWrapper.m; sourceTree = "<group>"; };
		3EC70D0E18EE8A6A00DA777A /* ESSoundDownloadManager.h */ = {isa = PBXFileReference; fileEncoding = 4; lastKnownFileType = sourcecode.c.h; path = ESSoundDownloadManager.h; sourceTree = "<group>"; };
		3EC70D0F18EE8A6A00DA777A /* ESSoundDownloadManager.m */ = {isa = PBXFileReference; fileEncoding = 4; lastKnownFileType = sourcecode.c.objc; path = ESSoundDownloadManager.m; sourceTree = "<group>"; };
		3EC7F554192506910079B40F /* ShowSideMenuImage.xib */ = {isa = PBXFileReference; fileEncoding = 4; lastKnownFileType = file.xib; path = ShowSideMenuImage.xib; sourceTree = "<group>"; };
		3ECA51FB181B474F00740EAF /* ESService.h */ = {isa = PBXFileReference; fileEncoding = 4; lastKnownFileType = sourcecode.c.h; path = ESService.h; sourceTree = "<group>"; };
		3ECA51FC181B474F00740EAF /* ESService.m */ = {isa = PBXFileReference; fileEncoding = 4; lastKnownFileType = sourcecode.c.objc; path = ESService.m; sourceTree = "<group>"; };
		3ECA5204181C168400740EAF /* ESEpisodeService.h */ = {isa = PBXFileReference; fileEncoding = 4; lastKnownFileType = sourcecode.c.h; path = ESEpisodeService.h; sourceTree = "<group>"; };
		3ECA5205181C168400740EAF /* ESEpisodeService.m */ = {isa = PBXFileReference; fileEncoding = 4; lastKnownFileType = sourcecode.c.objc; path = ESEpisodeService.m; sourceTree = "<group>"; };
		3ECA5213181D00C100740EAF /* ESLocalEpisodesController.h */ = {isa = PBXFileReference; fileEncoding = 4; lastKnownFileType = sourcecode.c.h; path = ESLocalEpisodesController.h; sourceTree = "<group>"; };
		3ECA5214181D00C100740EAF /* ESLocalEpisodesController.m */ = {isa = PBXFileReference; fileEncoding = 4; lastKnownFileType = sourcecode.c.objc; path = ESLocalEpisodesController.m; sourceTree = "<group>"; };
		3ECA521E181EB5F800740EAF /* ODRefreshControl.h */ = {isa = PBXFileReference; fileEncoding = 4; lastKnownFileType = sourcecode.c.h; name = ODRefreshControl.h; path = Vendor/ODRefreshControl/ODRefreshControl/ODRefreshControl.h; sourceTree = "<group>"; };
		3ECA521F181EB5F800740EAF /* ODRefreshControl.m */ = {isa = PBXFileReference; fileEncoding = 4; lastKnownFileType = sourcecode.c.objc; name = ODRefreshControl.m; path = Vendor/ODRefreshControl/ODRefreshControl/ODRefreshControl.m; sourceTree = "<group>"; };
		3EE152593C474FB997412F7E /* Pods.xcconfig */ = {isa = PBXFileReference; includeInIndex = 1; lastKnownFileType = text.xcconfig; name = Pods.xcconfig; path = Pods/Pods.xcconfig; sourceTree = "<group>"; };
		3EF0F05B182A1E430032DC7F /* ESEnglishpodManager.h */ = {isa = PBXFileReference; fileEncoding = 4; lastKnownFileType = sourcecode.c.h; path = ESEnglishpodManager.h; sourceTree = "<group>"; };
		3EF0F05C182A1E430032DC7F /* ESEnglishpodManager.m */ = {isa = PBXFileReference; fileEncoding = 4; lastKnownFileType = sourcecode.c.objc; path = ESEnglishpodManager.m; sourceTree = "<group>"; };
		3EF0F05E182A1EA80032DC7F /* ESSharedEpisodeManager.h */ = {isa = PBXFileReference; fileEncoding = 4; lastKnownFileType = sourcecode.c.h; path = ESSharedEpisodeManager.h; sourceTree = "<group>"; };
		3EF0F05F182A1EA80032DC7F /* ESSharedEpisodeManager.m */ = {isa = PBXFileReference; fileEncoding = 4; lastKnownFileType = sourcecode.c.objc; path = ESSharedEpisodeManager.m; sourceTree = "<group>"; };
		3EF0F061182A1EE60032DC7F /* ESEpisodeManager.h */ = {isa = PBXFileReference; fileEncoding = 4; lastKnownFileType = sourcecode.c.h; path = ESEpisodeManager.h; sourceTree = "<group>"; };
		3EF0F062182A1EE60032DC7F /* ESEpisodeManager.m */ = {isa = PBXFileReference; fileEncoding = 4; lastKnownFileType = sourcecode.c.objc; path = ESEpisodeManager.m; sourceTree = "<group>"; };
		3EF0F072182A38F60032DC7F /* icon_local_list.png */ = {isa = PBXFileReference; lastKnownFileType = image.png; path = icon_local_list.png; sourceTree = "<group>"; };
		3EF0F073182A38F60032DC7F /* icon_local_list@2x.png */ = {isa = PBXFileReference; lastKnownFileType = image.png; path = "icon_local_list@2x.png"; sourceTree = "<group>"; };
		3EF0F074182A38F60032DC7F /* icon_news_list.png */ = {isa = PBXFileReference; lastKnownFileType = image.png; path = icon_news_list.png; sourceTree = "<group>"; };
		3EF0F075182A38F60032DC7F /* icon_news_list@2x.png */ = {isa = PBXFileReference; lastKnownFileType = image.png; path = "icon_news_list@2x.png"; sourceTree = "<group>"; };
		3EF77C681855CE8500B95134 /* ASIAuthenticationDialog.h */ = {isa = PBXFileReference; fileEncoding = 4; lastKnownFileType = sourcecode.c.h; path = ASIAuthenticationDialog.h; sourceTree = "<group>"; };
		3EF77C691855CE8500B95134 /* ASIAuthenticationDialog.m */ = {isa = PBXFileReference; fileEncoding = 4; lastKnownFileType = sourcecode.c.objc; path = ASIAuthenticationDialog.m; sourceTree = "<group>"; };
		3EF77C6A1855CE8500B95134 /* ASICacheDelegate.h */ = {isa = PBXFileReference; fileEncoding = 4; lastKnownFileType = sourcecode.c.h; path = ASICacheDelegate.h; sourceTree = "<group>"; };
		3EF77C6B1855CE8500B95134 /* ASIDataCompressor.h */ = {isa = PBXFileReference; fileEncoding = 4; lastKnownFileType = sourcecode.c.h; path = ASIDataCompressor.h; sourceTree = "<group>"; };
		3EF77C6C1855CE8500B95134 /* ASIDataCompressor.m */ = {isa = PBXFileReference; fileEncoding = 4; lastKnownFileType = sourcecode.c.objc; path = ASIDataCompressor.m; sourceTree = "<group>"; };
		3EF77C6D1855CE8500B95134 /* ASIDataDecompressor.h */ = {isa = PBXFileReference; fileEncoding = 4; lastKnownFileType = sourcecode.c.h; path = ASIDataDecompressor.h; sourceTree = "<group>"; };
		3EF77C6E1855CE8500B95134 /* ASIDataDecompressor.m */ = {isa = PBXFileReference; fileEncoding = 4; lastKnownFileType = sourcecode.c.objc; path = ASIDataDecompressor.m; sourceTree = "<group>"; };
		3EF77C6F1855CE8500B95134 /* ASIDownloadCache.h */ = {isa = PBXFileReference; fileEncoding = 4; lastKnownFileType = sourcecode.c.h; path = ASIDownloadCache.h; sourceTree = "<group>"; };
		3EF77C701855CE8500B95134 /* ASIDownloadCache.m */ = {isa = PBXFileReference; fileEncoding = 4; lastKnownFileType = sourcecode.c.objc; path = ASIDownloadCache.m; sourceTree = "<group>"; };
		3EF77C711855CE8500B95134 /* ASIFormDataRequest.h */ = {isa = PBXFileReference; fileEncoding = 4; lastKnownFileType = sourcecode.c.h; path = ASIFormDataRequest.h; sourceTree = "<group>"; };
		3EF77C721855CE8500B95134 /* ASIFormDataRequest.m */ = {isa = PBXFileReference; fileEncoding = 4; lastKnownFileType = sourcecode.c.objc; path = ASIFormDataRequest.m; sourceTree = "<group>"; };
		3EF77C731855CE8500B95134 /* ASIHTTPRequest.h */ = {isa = PBXFileReference; fileEncoding = 4; lastKnownFileType = sourcecode.c.h; path = ASIHTTPRequest.h; sourceTree = "<group>"; };
		3EF77C741855CE8500B95134 /* ASIHTTPRequest.m */ = {isa = PBXFileReference; fileEncoding = 4; lastKnownFileType = sourcecode.c.objc; path = ASIHTTPRequest.m; sourceTree = "<group>"; };
		3EF77C751855CE8500B95134 /* ASIHTTPRequestConfig.h */ = {isa = PBXFileReference; fileEncoding = 4; lastKnownFileType = sourcecode.c.h; path = ASIHTTPRequestConfig.h; sourceTree = "<group>"; };
		3EF77C761855CE8500B95134 /* ASIHTTPRequestDelegate.h */ = {isa = PBXFileReference; fileEncoding = 4; lastKnownFileType = sourcecode.c.h; path = ASIHTTPRequestDelegate.h; sourceTree = "<group>"; };
		3EF77C771855CE8500B95134 /* ASIInputStream.h */ = {isa = PBXFileReference; fileEncoding = 4; lastKnownFileType = sourcecode.c.h; path = ASIInputStream.h; sourceTree = "<group>"; };
		3EF77C781855CE8500B95134 /* ASIInputStream.m */ = {isa = PBXFileReference; fileEncoding = 4; lastKnownFileType = sourcecode.c.objc; path = ASIInputStream.m; sourceTree = "<group>"; };
		3EF77C791855CE8500B95134 /* ASINetworkQueue.h */ = {isa = PBXFileReference; fileEncoding = 4; lastKnownFileType = sourcecode.c.h; path = ASINetworkQueue.h; sourceTree = "<group>"; };
		3EF77C7A1855CE8500B95134 /* ASINetworkQueue.m */ = {isa = PBXFileReference; fileEncoding = 4; lastKnownFileType = sourcecode.c.objc; path = ASINetworkQueue.m; sourceTree = "<group>"; };
		3EF77C7B1855CE8500B95134 /* ASIProgressDelegate.h */ = {isa = PBXFileReference; fileEncoding = 4; lastKnownFileType = sourcecode.c.h; path = ASIProgressDelegate.h; sourceTree = "<group>"; };
		3EF77C7C1855CE8500B95134 /* ASIWebPageRequest.h */ = {isa = PBXFileReference; fileEncoding = 4; lastKnownFileType = sourcecode.c.h; path = ASIWebPageRequest.h; sourceTree = "<group>"; };
		3EF77C7D1855CE8500B95134 /* ASIWebPageRequest.m */ = {isa = PBXFileReference; fileEncoding = 4; lastKnownFileType = sourcecode.c.objc; path = ASIWebPageRequest.m; sourceTree = "<group>"; };
		3EF77C7E1855CE8500B95134 /* Reachability.h */ = {isa = PBXFileReference; fileEncoding = 4; lastKnownFileType = sourcecode.c.h; path = Reachability.h; sourceTree = "<group>"; };
		3EF77C7F1855CE8500B95134 /* Reachability.m */ = {isa = PBXFileReference; fileEncoding = 4; lastKnownFileType = sourcecode.c.objc; path = Reachability.m; sourceTree = "<group>"; };
		738F5CF723674A96AFDF4C1B /* libPods.a */ = {isa = PBXFileReference; explicitFileType = archive.ar; includeInIndex = 0; path = libPods.a; sourceTree = BUILT_PRODUCTS_DIR; };
/* End PBXFileReference section */

/* Begin PBXFrameworksBuildPhase section */
		3E98E103181A01B000AF8C7F /* Frameworks */ = {
			isa = PBXFrameworksBuildPhase;
			buildActionMask = 2147483647;
			files = (
				3E690417191294600099E71D /* libc++.dylib in Frameworks */,
				3E105E8A1856DA08007326BE /* libSFFoundation.a in Frameworks */,
				3E105E8B1856DA08007326BE /* libSFiOSKit.a in Frameworks */,
				3E2AE565181D40BF001AAE9D /* AVFoundation.framework in Frameworks */,
				3E98E163181A065700AF8C7F /* CFNetwork.framework in Frameworks */,
				3E98E161181A065100AF8C7F /* CoreLocation.framework in Frameworks */,
				3E98E15F181A064400AF8C7F /* libxml2.dylib in Frameworks */,
				3E98E15D181A064000AF8C7F /* libz.dylib in Frameworks */,
				3E98E15B181A063600AF8C7F /* MapKit.framework in Frameworks */,
				3E98E159181A062800AF8C7F /* MobileCoreServices.framework in Frameworks */,
				3E98E157181A061800AF8C7F /* QuartzCore.framework in Frameworks */,
				3E98E155181A061300AF8C7F /* SystemConfiguration.framework in Frameworks */,
				3E98E10C181A01B000AF8C7F /* CoreGraphics.framework in Frameworks */,
				3E98E10E181A01B000AF8C7F /* UIKit.framework in Frameworks */,
				3E98E10A181A01B000AF8C7F /* Foundation.framework in Frameworks */,
				73F77C77737E43BEABCE884F /* libPods.a in Frameworks */,
			);
			runOnlyForDeploymentPostprocessing = 0;
		};
		3E98E11E181A01B000AF8C7F /* Frameworks */ = {
			isa = PBXFrameworksBuildPhase;
			buildActionMask = 2147483647;
			files = (
				3E98E123181A01B000AF8C7F /* XCTest.framework in Frameworks */,
				3E98E125181A01B000AF8C7F /* UIKit.framework in Frameworks */,
				3E98E124181A01B000AF8C7F /* Foundation.framework in Frameworks */,
			);
			runOnlyForDeploymentPostprocessing = 0;
		};
/* End PBXFrameworksBuildPhase section */

/* Begin PBXGroup section */
		3E105E7E1856D9FB007326BE /* Products */ = {
			isa = PBXGroup;
			children = (
				3E105E821856D9FB007326BE /* libSFFoundation.a */,
			);
			name = Products;
			sourceTree = "<group>";
		};
		3E105E841856D9FD007326BE /* Products */ = {
			isa = PBXGroup;
			children = (
				3E105E891856D9FD007326BE /* libSFiOSKit.a */,
			);
			name = Products;
			sourceTree = "<group>";
		};
		3E19D6671831FC680048A788 /* ESHighlight */ = {
			isa = PBXGroup;
			children = (
				3E19D6681831FC990048A788 /* ESHighlightManager.h */,
				3E19D6691831FC990048A788 /* ESHighlightManager.m */,
				3E19D66B1831FCA70048A788 /* ESHighlight.h */,
				3E19D66C1831FCA70048A788 /* ESHighlight.m */,
			);
			name = ESHighlight;
			sourceTree = "<group>";
		};
		3E2AE566181D4C2E001AAE9D /* ESViewEpisodeController */ = {
			isa = PBXGroup;
			children = (
				3E2AE567181D4C35001AAE9D /* View */,
				3E2AE54C181D216C001AAE9D /* ESViewEpisodeController.h */,
				3E2AE54D181D216C001AAE9D /* ESViewEpisodeController.m */,
			);
			name = ESViewEpisodeController;
			sourceTree = "<group>";
		};
		3E2AE567181D4C35001AAE9D /* View */ = {
			isa = PBXGroup;
			children = (
				3E2AE568181D4C3D001AAE9D /* PlayerStatusView.h */,
				3E2AE569181D4C3D001AAE9D /* PlayerStatusView.m */,
				3E19D65B1831D1A90048A788 /* ESAutoHeightWebView.h */,
				3E19D65C1831D1A90048A788 /* ESAutoHeightWebView.m */,
			);
			name = View;
			sourceTree = "<group>";
		};
		3E2AE574181E3C24001AAE9D /* Utils */ = {
			isa = PBXGroup;
			children = (
				3E48D4ED1912930900548FAB /* SFDBCacheManager.h */,
				3E48D4EE1912930900548FAB /* SFDBCacheManager.m */,
				3E69041A191298B50099E71D /* SFDownloadManager.h */,
				3E69041B191298B50099E71D /* SFDownloadManager.m */,
				3E08068D18FAB6BA003C2AC0 /* SFObjectServiceSession.h */,
				3E08068E18FAB6BA003C2AC0 /* SFObjectServiceSession.m */,
				3E2AE55E181D3C90001AAE9D /* ESSoundPlayer.h */,
				3E2AE55F181D3C90001AAE9D /* ESSoundPlayer.m */,
				3E2AE578181E3C43001AAE9D /* ApplicationKeeper.mp3 */,
				3E2AE575181E3C2B001AAE9D /* ApplicationKeeper.h */,
				3E2AE576181E3C2B001AAE9D /* ApplicationKeeper.m */,
			);
			name = Utils;
			sourceTree = "<group>";
		};
		3E40640F18E46591006B2B12 /* MVVM */ = {
			isa = PBXGroup;
			children = (
				3E84594518F4F9A10045FFAF /* BaseViewModel.h */,
				3E84594618F4F9A10045FFAF /* BaseViewModel.m */,
				3E40641218E465E0006B2B12 /* EpisodesViewController.h */,
				3E40641318E465E0006B2B12 /* EpisodesViewController.m */,
				3E40641518E4668A006B2B12 /* EpisodesViewModel.h */,
				3E40641618E4668A006B2B12 /* EpisodesViewModel.m */,
				3E72471C18ED003A0055EB66 /* EpisodeDetailViewController.h */,
				3E72471D18ED003A0055EB66 /* EpisodeDetailViewController.m */,
				3E72472118ED01AD0055EB66 /* EpisodeDetailViewModel.h */,
				3E72472218ED01AD0055EB66 /* EpisodeDetailViewModel.m */,
				3E72472418ED074B0055EB66 /* MenuController.h */,
				3E72472518ED074B0055EB66 /* MenuController.m */,
				3E72472918ED1AFD0055EB66 /* DownloadsViewController.h */,
				3E72472A18ED1AFD0055EB66 /* DownloadsViewController.m */,
				3E72473018ED205E0055EB66 /* LocalEpisodesViewController.h */,
				3E72473118ED205E0055EB66 /* LocalEpisodesViewController.m */,
				3E72473318ED209E0055EB66 /* SettingsViewController.h */,
				3E72473418ED209E0055EB66 /* SettingsViewController.m */,
				3E48D4E41912764500548FAB /* ESNavigationController.h */,
				3E48D4E51912764500548FAB /* ESNavigationController.m */,
				3EC7F554192506910079B40F /* ShowSideMenuImage.xib */,
			);
			name = MVVM;
			sourceTree = "<group>";
		};
		3E98E0FD181A01B000AF8C7F = {
			isa = PBXGroup;
			children = (
				3E98E10F181A01B000AF8C7F /* esl */,
				3ECA520D181CA92300740EAF /* Vendor */,
				3E98E145181A054700AF8C7F /* Dependencies */,
				3E98E128181A01B000AF8C7F /* eslTests */,
				3E98E108181A01B000AF8C7F /* Frameworks */,
				3E98E107181A01B000AF8C7F /* Products */,
				3EE152593C474FB997412F7E /* Pods.xcconfig */,
			);
			sourceTree = "<group>";
		};
		3E98E107181A01B000AF8C7F /* Products */ = {
			isa = PBXGroup;
			children = (
				3E98E106181A01B000AF8C7F /* esl.app */,
				3E98E121181A01B000AF8C7F /* eslTests.xctest */,
			);
			name = Products;
			sourceTree = "<group>";
		};
		3E98E108181A01B000AF8C7F /* Frameworks */ = {
			isa = PBXGroup;
			children = (
				3E690416191294600099E71D /* libc++.dylib */,
				3E2AE564181D40BF001AAE9D /* AVFoundation.framework */,
				3E98E162181A065700AF8C7F /* CFNetwork.framework */,
				3E98E160181A065100AF8C7F /* CoreLocation.framework */,
				3E98E15E181A064400AF8C7F /* libxml2.dylib */,
				3E98E15C181A064000AF8C7F /* libz.dylib */,
				3E98E15A181A063600AF8C7F /* MapKit.framework */,
				3E98E158181A062800AF8C7F /* MobileCoreServices.framework */,
				3E98E156181A061800AF8C7F /* QuartzCore.framework */,
				3E98E154181A061300AF8C7F /* SystemConfiguration.framework */,
				3E98E109181A01B000AF8C7F /* Foundation.framework */,
				3E98E10B181A01B000AF8C7F /* CoreGraphics.framework */,
				3E98E10D181A01B000AF8C7F /* UIKit.framework */,
				3E98E122181A01B000AF8C7F /* XCTest.framework */,
				738F5CF723674A96AFDF4C1B /* libPods.a */,
			);
			name = Frameworks;
			sourceTree = "<group>";
		};
		3E98E10F181A01B000AF8C7F /* esl */ = {
			isa = PBXGroup;
			children = (
				3E19D6671831FC680048A788 /* ESHighlight */,
				3EF0F06C182A1F670032DC7F /* ESEpisodeManager */,
				3E2AE574181E3C24001AAE9D /* Utils */,
				3E98E1A0181B6F0800AF8C7F /* Service */,
				3E98E169181A07DE00AF8C7F /* Model */,
				3E98E138181A022400AF8C7F /* ViewController */,
				3E40640F18E46591006B2B12 /* MVVM */,
				3E98E165181A075800AF8C7F /* ESUIDefaults.h */,
				3E98E166181A075800AF8C7F /* ESUIDefaults.m */,
				3E2AE561181D3D42001AAE9D /* ESSoundPlayContext.h */,
				3E2AE562181D3D42001AAE9D /* ESSoundPlayContext.m */,
				3E98E118181A01B000AF8C7F /* AppDelegate.h */,
				3E98E119181A01B000AF8C7F /* AppDelegate.m */,
				3E98E11B181A01B000AF8C7F /* Images.xcassets */,
				3E98E110181A01B000AF8C7F /* Supporting Files */,
			);
			path = esl;
			sourceTree = "<group>";
		};
		3E98E110181A01B000AF8C7F /* Supporting Files */ = {
			isa = PBXGroup;
			children = (
				3EF0F071182A38EC0032DC7F /* Images */,
				3E98E111181A01B000AF8C7F /* esl-Info.plist */,
				3E98E112181A01B000AF8C7F /* InfoPlist.strings */,
				3E98E115181A01B000AF8C7F /* main.m */,
				3E98E117181A01B000AF8C7F /* esl-Prefix.pch */,
			);
			name = "Supporting Files";
			sourceTree = "<group>";
		};
		3E98E128181A01B000AF8C7F /* eslTests */ = {
			isa = PBXGroup;
			children = (
				3E98E12E181A01B000AF8C7F /* eslTests.m */,
				3E98E129181A01B000AF8C7F /* Supporting Files */,
			);
			path = eslTests;
			sourceTree = "<group>";
		};
		3E98E129181A01B000AF8C7F /* Supporting Files */ = {
			isa = PBXGroup;
			children = (
				3E98E12A181A01B000AF8C7F /* eslTests-Info.plist */,
				3E98E12B181A01B000AF8C7F /* InfoPlist.strings */,
			);
			name = "Supporting Files";
			sourceTree = "<group>";
		};
		3E98E138181A022400AF8C7F /* ViewController */ = {
			isa = PBXGroup;
			children = (
				3E2AE566181D4C2E001AAE9D /* ESViewEpisodeController */,
				3E98E139181A024100AF8C7F /* ESNewEpisodesController.h */,
				3E98E13A181A024100AF8C7F /* ESNewEpisodesController.m */,
				3ECA5213181D00C100740EAF /* ESLocalEpisodesController.h */,
				3ECA5214181D00C100740EAF /* ESLocalEpisodesController.m */,
				3E98E13C181A02A900AF8C7F /* ESViewController.h */,
				3E98E13D181A02A900AF8C7F /* ESViewController.m */,
				3E08069218FAB803003C2AC0 /* SFViewController.h */,
				3E08069318FAB803003C2AC0 /* SFViewController.m */,
				3E98E13F181A04D600AF8C7F /* ESTableViewController.h */,
				3E98E140181A04D600AF8C7F /* ESTableViewController.m */,
				3E2AE551181D24F9001AAE9D /* ESLinearController.h */,
				3E2AE552181D24F9001AAE9D /* ESLinearController.m */,
			);
			name = ViewController;
			sourceTree = "<group>";
		};
		3E98E145181A054700AF8C7F /* Dependencies */ = {
			isa = PBXGroup;
			children = (
				3E105E831856D9FD007326BE /* SFiOSKit.xcodeproj */,
				3E105E7D1856D9FB007326BE /* SFFoundation.xcodeproj */,
			);
			name = Dependencies;
			path = esl;
			sourceTree = "<group>";
		};
		3E98E169181A07DE00AF8C7F /* Model */ = {
			isa = PBXGroup;
			children = (
				3E98E16A181A087700AF8C7F /* ESEpisode.h */,
				3E98E16B181A087700AF8C7F /* ESEpisode.m */,
			);
			name = Model;
			sourceTree = "<group>";
		};
		3E98E1A0181B6F0800AF8C7F /* Service */ = {
			isa = PBXGroup;
			children = (
				3ECA51FB181B474F00740EAF /* ESService.h */,
				3ECA51FC181B474F00740EAF /* ESService.m */,
				3E98E195181B6DE300AF8C7F /* ESServiceSession.h */,
				3E98E196181B6DE300AF8C7F /* ESServiceSession.m */,
				3E98E19A181B6E7400AF8C7F /* ESHTTPRequest.h */,
				3E98E19B181B6E7400AF8C7F /* ESHTTPRequest.m */,
				3ECA5204181C168400740EAF /* ESEpisodeService.h */,
				3ECA5205181C168400740EAF /* ESEpisodeService.m */,
				3E98E1AC181CB19300AF8C7F /* ESRequestProxyWrapper.h */,
				3E98E1AD181CB19300AF8C7F /* ESRequestProxyWrapper.m */,
				3EC70D0E18EE8A6A00DA777A /* ESSoundDownloadManager.h */,
				3EC70D0F18EE8A6A00DA777A /* ESSoundDownloadManager.m */,
			);
			name = Service;
			sourceTree = "<group>";
		};
		3ECA520D181CA92300740EAF /* Vendor */ = {
			isa = PBXGroup;
			children = (
				3EF77C671855CE8500B95134 /* asi-http-request */,
				3ECA521D181EB5EB00740EAF /* ODRefreshControl */,
			);
			name = Vendor;
			sourceTree = "<group>";
		};
		3ECA521D181EB5EB00740EAF /* ODRefreshControl */ = {
			isa = PBXGroup;
			children = (
				3ECA521E181EB5F800740EAF /* ODRefreshControl.h */,
				3ECA521F181EB5F800740EAF /* ODRefreshControl.m */,
			);
			name = ODRefreshControl;
			sourceTree = "<group>";
		};
		3EF0F06C182A1F670032DC7F /* ESEpisodeManager */ = {
			isa = PBXGroup;
			children = (
				3EF0F061182A1EE60032DC7F /* ESEpisodeManager.h */,
				3EF0F062182A1EE60032DC7F /* ESEpisodeManager.m */,
				3E98E1A6181CADDA00AF8C7F /* ESESLEpisodeManager.h */,
				3E98E1A7181CADDA00AF8C7F /* ESESLEpisodeManager.m */,
				3EF0F05B182A1E430032DC7F /* ESEnglishpodManager.h */,
				3EF0F05C182A1E430032DC7F /* ESEnglishpodManager.m */,
				3EF0F05E182A1EA80032DC7F /* ESSharedEpisodeManager.h */,
				3EF0F05F182A1EA80032DC7F /* ESSharedEpisodeManager.m */,
			);
			name = ESEpisodeManager;
			sourceTree = "<group>";
		};
		3EF0F071182A38EC0032DC7F /* Images */ = {
			isa = PBXGroup;
			children = (
				3E5B786D191E461B000634A7 /* logo.gif */,
				3EF0F072182A38F60032DC7F /* icon_local_list.png */,
				3EF0F073182A38F60032DC7F /* icon_local_list@2x.png */,
				3EF0F074182A38F60032DC7F /* icon_news_list.png */,
				3EF0F075182A38F60032DC7F /* icon_news_list@2x.png */,
			);
			name = Images;
			sourceTree = "<group>";
		};
		3EF77C671855CE8500B95134 /* asi-http-request */ = {
			isa = PBXGroup;
			children = (
				3EF77C681855CE8500B95134 /* ASIAuthenticationDialog.h */,
				3EF77C691855CE8500B95134 /* ASIAuthenticationDialog.m */,
				3EF77C6A1855CE8500B95134 /* ASICacheDelegate.h */,
				3EF77C6B1855CE8500B95134 /* ASIDataCompressor.h */,
				3EF77C6C1855CE8500B95134 /* ASIDataCompressor.m */,
				3EF77C6D1855CE8500B95134 /* ASIDataDecompressor.h */,
				3EF77C6E1855CE8500B95134 /* ASIDataDecompressor.m */,
				3EF77C6F1855CE8500B95134 /* ASIDownloadCache.h */,
				3EF77C701855CE8500B95134 /* ASIDownloadCache.m */,
				3EF77C711855CE8500B95134 /* ASIFormDataRequest.h */,
				3EF77C721855CE8500B95134 /* ASIFormDataRequest.m */,
				3EF77C731855CE8500B95134 /* ASIHTTPRequest.h */,
				3EF77C741855CE8500B95134 /* ASIHTTPRequest.m */,
				3EF77C751855CE8500B95134 /* ASIHTTPRequestConfig.h */,
				3EF77C761855CE8500B95134 /* ASIHTTPRequestDelegate.h */,
				3EF77C771855CE8500B95134 /* ASIInputStream.h */,
				3EF77C781855CE8500B95134 /* ASIInputStream.m */,
				3EF77C791855CE8500B95134 /* ASINetworkQueue.h */,
				3EF77C7A1855CE8500B95134 /* ASINetworkQueue.m */,
				3EF77C7B1855CE8500B95134 /* ASIProgressDelegate.h */,
				3EF77C7C1855CE8500B95134 /* ASIWebPageRequest.h */,
				3EF77C7D1855CE8500B95134 /* ASIWebPageRequest.m */,
				3EF77C7E1855CE8500B95134 /* Reachability.h */,
				3EF77C7F1855CE8500B95134 /* Reachability.m */,
			);
			name = "asi-http-request";
			path = "Vendor/asi-http-request";
			sourceTree = "<group>";
		};
/* End PBXGroup section */

/* Begin PBXNativeTarget section */
		3E98E105181A01B000AF8C7F /* esl */ = {
			isa = PBXNativeTarget;
			buildConfigurationList = 3E98E132181A01B000AF8C7F /* Build configuration list for PBXNativeTarget "esl" */;
			buildPhases = (
				5B14AB5EE82A46E7B41793F0 /* Check Pods Manifest.lock */,
				3E98E102181A01B000AF8C7F /* Sources */,
				3E98E103181A01B000AF8C7F /* Frameworks */,
				3E98E104181A01B000AF8C7F /* Resources */,
				CE59E27E3E79416E9F4379F7 /* Copy Pods Resources */,
			);
			buildRules = (
			);
			dependencies = (
			);
			name = esl;
			productName = esl;
			productReference = 3E98E106181A01B000AF8C7F /* esl.app */;
			productType = "com.apple.product-type.application";
		};
		3E98E120181A01B000AF8C7F /* eslTests */ = {
			isa = PBXNativeTarget;
			buildConfigurationList = 3E98E135181A01B000AF8C7F /* Build configuration list for PBXNativeTarget "eslTests" */;
			buildPhases = (
				3E98E11D181A01B000AF8C7F /* Sources */,
				3E98E11E181A01B000AF8C7F /* Frameworks */,
				3E98E11F181A01B000AF8C7F /* Resources */,
			);
			buildRules = (
			);
			dependencies = (
				3E98E127181A01B000AF8C7F /* PBXTargetDependency */,
			);
			name = eslTests;
			productName = eslTests;
			productReference = 3E98E121181A01B000AF8C7F /* eslTests.xctest */;
			productType = "com.apple.product-type.bundle.unit-test";
		};
/* End PBXNativeTarget section */

/* Begin PBXProject section */
		3E98E0FE181A01B000AF8C7F /* Project object */ = {
			isa = PBXProject;
			attributes = {
				LastUpgradeCheck = 0500;
				ORGANIZATIONNAME = yangzexin;
				TargetAttributes = {
					3E98E105181A01B000AF8C7F = {
						DevelopmentTeam = 7F5YZXGNJ3;
						SystemCapabilities = {
							com.apple.BackgroundModes = {
								enabled = 1;
							};
						};
					};
					3E98E120181A01B000AF8C7F = {
						TestTargetID = 3E98E105181A01B000AF8C7F;
					};
				};
			};
			buildConfigurationList = 3E98E101181A01B000AF8C7F /* Build configuration list for PBXProject "esl" */;
			compatibilityVersion = "Xcode 3.2";
			developmentRegion = English;
			hasScannedForEncodings = 0;
			knownRegions = (
				en,
			);
			mainGroup = 3E98E0FD181A01B000AF8C7F;
			productRefGroup = 3E98E107181A01B000AF8C7F /* Products */;
			projectDirPath = "";
			projectReferences = (
				{
					ProductGroup = 3E105E7E1856D9FB007326BE /* Products */;
					ProjectRef = 3E105E7D1856D9FB007326BE /* SFFoundation.xcodeproj */;
				},
				{
					ProductGroup = 3E105E841856D9FD007326BE /* Products */;
					ProjectRef = 3E105E831856D9FD007326BE /* SFiOSKit.xcodeproj */;
				},
			);
			projectRoot = "";
			targets = (
				3E98E105181A01B000AF8C7F /* esl */,
				3E98E120181A01B000AF8C7F /* eslTests */,
			);
		};
/* End PBXProject section */

/* Begin PBXReferenceProxy section */
		3E105E821856D9FB007326BE /* libSFFoundation.a */ = {
			isa = PBXReferenceProxy;
			fileType = archive.ar;
			path = libSFFoundation.a;
			remoteRef = 3E105E811856D9FB007326BE /* PBXContainerItemProxy */;
			sourceTree = BUILT_PRODUCTS_DIR;
		};
		3E105E891856D9FD007326BE /* libSFiOSKit.a */ = {
			isa = PBXReferenceProxy;
			fileType = archive.ar;
			path = libSFiOSKit.a;
			remoteRef = 3E105E881856D9FD007326BE /* PBXContainerItemProxy */;
			sourceTree = BUILT_PRODUCTS_DIR;
		};
/* End PBXReferenceProxy section */

/* Begin PBXResourcesBuildPhase section */
		3E98E104181A01B000AF8C7F /* Resources */ = {
			isa = PBXResourcesBuildPhase;
			buildActionMask = 2147483647;
			files = (
				3EF0F076182A38F60032DC7F /* icon_local_list.png in Resources */,
				3EF0F078182A38F60032DC7F /* icon_news_list.png in Resources */,
				3E98E114181A01B000AF8C7F /* InfoPlist.strings in Resources */,
				3E98E11C181A01B000AF8C7F /* Images.xcassets in Resources */,
				3EF0F079182A38F60032DC7F /* icon_news_list@2x.png in Resources */,
				3E5B786E191E461B000634A7 /* logo.gif in Resources */,
				3E2AE579181E3C43001AAE9D /* ApplicationKeeper.mp3 in Resources */,
				3EC7F555192506910079B40F /* ShowSideMenuImage.xib in Resources */,
				3EF0F077182A38F60032DC7F /* icon_local_list@2x.png in Resources */,
			);
			runOnlyForDeploymentPostprocessing = 0;
		};
		3E98E11F181A01B000AF8C7F /* Resources */ = {
			isa = PBXResourcesBuildPhase;
			buildActionMask = 2147483647;
			files = (
				3E98E12D181A01B000AF8C7F /* InfoPlist.strings in Resources */,
			);
			runOnlyForDeploymentPostprocessing = 0;
		};
/* End PBXResourcesBuildPhase section */

/* Begin PBXShellScriptBuildPhase section */
		5B14AB5EE82A46E7B41793F0 /* Check Pods Manifest.lock */ = {
			isa = PBXShellScriptBuildPhase;
			buildActionMask = 2147483647;
			files = (
			);
			inputPaths = (
			);
			name = "Check Pods Manifest.lock";
			outputPaths = (
			);
			runOnlyForDeploymentPostprocessing = 0;
			shellPath = /bin/sh;
			shellScript = "diff \"${PODS_ROOT}/../Podfile.lock\" \"${PODS_ROOT}/Manifest.lock\" > /dev/null\nif [[ $? != 0 ]] ; then\n    cat << EOM\nerror: The sandbox is not in sync with the Podfile.lock. Run 'pod install' or update your CocoaPods installation.\nEOM\n    exit 1\nfi\n";
			showEnvVarsInLog = 0;
		};
		CE59E27E3E79416E9F4379F7 /* Copy Pods Resources */ = {
			isa = PBXShellScriptBuildPhase;
			buildActionMask = 2147483647;
			files = (
			);
			inputPaths = (
			);
			name = "Copy Pods Resources";
			outputPaths = (
			);
			runOnlyForDeploymentPostprocessing = 0;
			shellPath = /bin/sh;
			shellScript = "\"${SRCROOT}/Pods/Pods-resources.sh\"\n";
			showEnvVarsInLog = 0;
		};
/* End PBXShellScriptBuildPhase section */

/* Begin PBXSourcesBuildPhase section */
		3E98E102181A01B000AF8C7F /* Sources */ = {
			isa = PBXSourcesBuildPhase;
			buildActionMask = 2147483647;
			files = (
				3E98E197181B6DE300AF8C7F /* ESServiceSession.m in Sources */,
				3E2AE577181E3C2B001AAE9D /* ApplicationKeeper.m in Sources */,
				3EF77C861855CE8500B95134 /* ASIInputStream.m in Sources */,
				3E2AE56A181D4C3D001AAE9D /* PlayerStatusView.m in Sources */,
				3EF77C841855CE8500B95134 /* ASIFormDataRequest.m in Sources */,
				3ECA51FD181B474F00740EAF /* ESService.m in Sources */,
				3E40641718E4668A006B2B12 /* EpisodesViewModel.m in Sources */,
				3EF77C891855CE8500B95134 /* Reachability.m in Sources */,
				3E08069418FAB803003C2AC0 /* SFViewController.m in Sources */,
				3EF77C851855CE8500B95134 /* ASIHTTPRequest.m in Sources */,
				3E2AE560181D3C90001AAE9D /* ESSoundPlayer.m in Sources */,
				3EF77C811855CE8500B95134 /* ASIDataCompressor.m in Sources */,
				3EF77C801855CE8500B95134 /* ASIAuthenticationDialog.m in Sources */,
				3E72473518ED209E0055EB66 /* SettingsViewController.m in Sources */,
				3EF77C831855CE8500B95134 /* ASIDownloadCache.m in Sources */,
				3E2AE563181D3D42001AAE9D /* ESSoundPlayContext.m in Sources */,
				3E72472618ED074B0055EB66 /* MenuController.m in Sources */,
				3E98E13E181A02A900AF8C7F /* ESViewController.m in Sources */,
				3E40641418E465E0006B2B12 /* EpisodesViewController.m in Sources */,
				3EF0F063182A1EE60032DC7F /* ESEpisodeManager.m in Sources */,
				3E19D66D1831FCA70048A788 /* ESHighlight.m in Sources */,
				3E98E167181A075800AF8C7F /* ESUIDefaults.m in Sources */,
				3E2AE54E181D216C001AAE9D /* ESViewEpisodeController.m in Sources */,
				3E19D66A1831FC990048A788 /* ESHighlightManager.m in Sources */,
				3EC70D1018EE8A6A00DA777A /* ESSoundDownloadManager.m in Sources */,
				3E98E141181A04D600AF8C7F /* ESTableViewController.m in Sources */,
				3ECA5220181EB5F800740EAF /* ODRefreshControl.m in Sources */,
				3E48D4E61912764500548FAB /* ESNavigationController.m in Sources */,
				3E98E13B181A024100AF8C7F /* ESNewEpisodesController.m in Sources */,
				3E19D65D1831D1A90048A788 /* ESAutoHeightWebView.m in Sources */,
				3EF0F05D182A1E430032DC7F /* ESEnglishpodManager.m in Sources */,
				3E48D4EF1912930900548FAB /* SFDBCacheManager.m in Sources */,
				3EF0F060182A1EA80032DC7F /* ESSharedEpisodeManager.m in Sources */,
				3EF77C871855CE8500B95134 /* ASINetworkQueue.m in Sources */,
				3E84594718F4F9A10045FFAF /* BaseViewModel.m in Sources */,
				3E98E1A8181CADDA00AF8C7F /* ESESLEpisodeManager.m in Sources */,
				3E98E11A181A01B000AF8C7F /* AppDelegate.m in Sources */,
				3ECA5215181D00C100740EAF /* ESLocalEpisodesController.m in Sources */,
				3E2AE553181D24F9001AAE9D /* ESLinearController.m in Sources */,
				3E98E116181A01B000AF8C7F /* main.m in Sources */,
				3E98E19C181B6E7400AF8C7F /* ESHTTPRequest.m in Sources */,
				3EF77C881855CE8500B95134 /* ASIWebPageRequest.m in Sources */,
				3E72471E18ED003A0055EB66 /* EpisodeDetailViewController.m in Sources */,
				3E08068F18FAB6BA003C2AC0 /* SFObjectServiceSession.m in Sources */,
				3E72472B18ED1AFD0055EB66 /* DownloadsViewController.m in Sources */,
				3E98E16C181A087700AF8C7F /* ESEpisode.m in Sources */,
				3E69041C191298B50099E71D /* SFDownloadManager.m in Sources */,
				3E98E1AE181CB19300AF8C7F /* ESRequestProxyWrapper.m in Sources */,
				3E72472318ED01AD0055EB66 /* EpisodeDetailViewModel.m in Sources */,
				3ECA5206181C168400740EAF /* ESEpisodeService.m in Sources */,
				3E72473218ED205E0055EB66 /* LocalEpisodesViewController.m in Sources */,
				3EF77C821855CE8500B95134 /* ASIDataDecompressor.m in Sources */,
			);
			runOnlyForDeploymentPostprocessing = 0;
		};
		3E98E11D181A01B000AF8C7F /* Sources */ = {
			isa = PBXSourcesBuildPhase;
			buildActionMask = 2147483647;
			files = (
				3E98E12F181A01B000AF8C7F /* eslTests.m in Sources */,
				3E98E16D181A087700AF8C7F /* ESEpisode.m in Sources */,
				3E98E168181A075800AF8C7F /* ESUIDefaults.m in Sources */,
			);
			runOnlyForDeploymentPostprocessing = 0;
		};
/* End PBXSourcesBuildPhase section */

/* Begin PBXTargetDependency section */
		3E98E127181A01B000AF8C7F /* PBXTargetDependency */ = {
			isa = PBXTargetDependency;
			target = 3E98E105181A01B000AF8C7F /* esl */;
			targetProxy = 3E98E126181A01B000AF8C7F /* PBXContainerItemProxy */;
		};
/* End PBXTargetDependency section */

/* Begin PBXVariantGroup section */
		3E98E112181A01B000AF8C7F /* InfoPlist.strings */ = {
			isa = PBXVariantGroup;
			children = (
				3E98E113181A01B000AF8C7F /* en */,
			);
			name = InfoPlist.strings;
			sourceTree = "<group>";
		};
		3E98E12B181A01B000AF8C7F /* InfoPlist.strings */ = {
			isa = PBXVariantGroup;
			children = (
				3E98E12C181A01B000AF8C7F /* en */,
			);
			name = InfoPlist.strings;
			sourceTree = "<group>";
		};
/* End PBXVariantGroup section */

/* Begin XCBuildConfiguration section */
		3E98E130181A01B000AF8C7F /* Debug */ = {
			isa = XCBuildConfiguration;
			baseConfigurationReference = 3EE152593C474FB997412F7E /* Pods.xcconfig */;
			buildSettings = {
				ALWAYS_SEARCH_USER_PATHS = NO;
				CLANG_CXX_LANGUAGE_STANDARD = "gnu++0x";
				CLANG_CXX_LIBRARY = "libc++";
				CLANG_ENABLE_MODULES = YES;
				CLANG_ENABLE_OBJC_ARC = YES;
				CLANG_WARN_BOOL_CONVERSION = YES;
				CLANG_WARN_CONSTANT_CONVERSION = YES;
				CLANG_WARN_DIRECT_OBJC_ISA_USAGE = YES_ERROR;
				CLANG_WARN_EMPTY_BODY = YES;
				CLANG_WARN_ENUM_CONVERSION = YES;
				CLANG_WARN_INT_CONVERSION = YES;
				CLANG_WARN_OBJC_ROOT_CLASS = YES_ERROR;
				CLANG_WARN__DUPLICATE_METHOD_MATCH = YES;
				"CODE_SIGN_IDENTITY[sdk=iphoneos*]" = "iPhone Developer";
				COPY_PHASE_STRIP = NO;
				GCC_C_LANGUAGE_STANDARD = gnu99;
				GCC_DYNAMIC_NO_PIC = NO;
				GCC_OPTIMIZATION_LEVEL = 0;
				GCC_PREPROCESSOR_DEFINITIONS = (
					"DEBUG=1",
					"$(inherited)",
				);
				GCC_SYMBOLS_PRIVATE_EXTERN = NO;
				GCC_WARN_64_TO_32_BIT_CONVERSION = YES;
				GCC_WARN_ABOUT_RETURN_TYPE = YES_ERROR;
				GCC_WARN_UNDECLARED_SELECTOR = YES;
				GCC_WARN_UNINITIALIZED_AUTOS = YES;
				GCC_WARN_UNUSED_FUNCTION = YES;
				GCC_WARN_UNUSED_VARIABLE = YES;
				IPHONEOS_DEPLOYMENT_TARGET = 5.0;
				ONLY_ACTIVE_ARCH = YES;
				PROVISIONING_PROFILE = "B769B701-62B8-4611-985A-E94F7E2B76A8";
				SDKROOT = iphoneos;
				TARGETED_DEVICE_FAMILY = "1,2";
			};
			name = Debug;
		};
		3E98E131181A01B000AF8C7F /* Release */ = {
			isa = XCBuildConfiguration;
			baseConfigurationReference = 3EE152593C474FB997412F7E /* Pods.xcconfig */;
			buildSettings = {
				ALWAYS_SEARCH_USER_PATHS = NO;
				CLANG_CXX_LANGUAGE_STANDARD = "gnu++0x";
				CLANG_CXX_LIBRARY = "libc++";
				CLANG_ENABLE_MODULES = YES;
				CLANG_ENABLE_OBJC_ARC = YES;
				CLANG_WARN_BOOL_CONVERSION = YES;
				CLANG_WARN_CONSTANT_CONVERSION = YES;
				CLANG_WARN_DIRECT_OBJC_ISA_USAGE = YES_ERROR;
				CLANG_WARN_EMPTY_BODY = YES;
				CLANG_WARN_ENUM_CONVERSION = YES;
				CLANG_WARN_INT_CONVERSION = YES;
				CLANG_WARN_OBJC_ROOT_CLASS = YES_ERROR;
				CLANG_WARN__DUPLICATE_METHOD_MATCH = YES;
				"CODE_SIGN_IDENTITY[sdk=iphoneos*]" = "iPhone Developer";
				COPY_PHASE_STRIP = YES;
				ENABLE_NS_ASSERTIONS = NO;
				GCC_C_LANGUAGE_STANDARD = gnu99;
				GCC_WARN_64_TO_32_BIT_CONVERSION = YES;
				GCC_WARN_ABOUT_RETURN_TYPE = YES_ERROR;
				GCC_WARN_UNDECLARED_SELECTOR = YES;
				GCC_WARN_UNINITIALIZED_AUTOS = YES;
				GCC_WARN_UNUSED_FUNCTION = YES;
				GCC_WARN_UNUSED_VARIABLE = YES;
				IPHONEOS_DEPLOYMENT_TARGET = 5.0;
				PROVISIONING_PROFILE = "B769B701-62B8-4611-985A-E94F7E2B76A8";
				SDKROOT = iphoneos;
				TARGETED_DEVICE_FAMILY = "1,2";
				VALIDATE_PRODUCT = YES;
			};
			name = Release;
		};
		3E98E133181A01B000AF8C7F /* Debug */ = {
			isa = XCBuildConfiguration;
			baseConfigurationReference = 3EE152593C474FB997412F7E /* Pods.xcconfig */;
			buildSettings = {
				ASSETCATALOG_COMPILER_APPICON_NAME = AppIcon;
				ASSETCATALOG_COMPILER_LAUNCHIMAGE_NAME = LaunchImage;
				CODE_SIGN_IDENTITY = "";
				"CODE_SIGN_IDENTITY[sdk=iphoneos*]" = "";
				GCC_PRECOMPILE_PREFIX_HEADER = YES;
				GCC_PREFIX_HEADER = "esl/esl-Prefix.pch";
				HEADER_SEARCH_PATHS = /usr/include/libxml2;
				INFOPLIST_FILE = "esl/esl-Info.plist";
				IPHONEOS_DEPLOYMENT_TARGET = 5.1;
				OTHER_LDFLAGS = "-ObjC";
				PRODUCT_NAME = "$(TARGET_NAME)";
				PROVISIONING_PROFILE = "FC1FB941-C758-4A52-BAE8-B13888F7B2B8";
				USER_HEADER_SEARCH_PATHS = "../SFLibraries/** Vendor/**";
				VALID_ARCHS = "armv7 armv7s";
				WRAPPER_EXTENSION = app;
			};
			name = Debug;
		};
		3E98E134181A01B000AF8C7F /* Release */ = {
			isa = XCBuildConfiguration;
			baseConfigurationReference = 3EE152593C474FB997412F7E /* Pods.xcconfig */;
			buildSettings = {
				ASSETCATALOG_COMPILER_APPICON_NAME = AppIcon;
				ASSETCATALOG_COMPILER_LAUNCHIMAGE_NAME = LaunchImage;
				CODE_SIGN_IDENTITY = "";
				"CODE_SIGN_IDENTITY[sdk=iphoneos*]" = "";
				GCC_PRECOMPILE_PREFIX_HEADER = YES;
				GCC_PREFIX_HEADER = "esl/esl-Prefix.pch";
				HEADER_SEARCH_PATHS = /usr/include/libxml2;
				INFOPLIST_FILE = "esl/esl-Info.plist";
				IPHONEOS_DEPLOYMENT_TARGET = 5.1;
				OTHER_LDFLAGS = "-ObjC";
				PRODUCT_NAME = "$(TARGET_NAME)";
				PROVISIONING_PROFILE = "FC1FB941-C758-4A52-BAE8-B13888F7B2B8";
				USER_HEADER_SEARCH_PATHS = "../SFLibraries/** Vendor/**";
				VALID_ARCHS = "armv7 armv7s";
				WRAPPER_EXTENSION = app;
			};
			name = Release;
		};
		3E98E136181A01B000AF8C7F /* Debug */ = {
			isa = XCBuildConfiguration;
			baseConfigurationReference = 3EE152593C474FB997412F7E /* Pods.xcconfig */;
			buildSettings = {
				BUNDLE_LOADER = "$(BUILT_PRODUCTS_DIR)/esl.app/esl";
				FRAMEWORK_SEARCH_PATHS = (
					"$(SDKROOT)/Developer/Library/Frameworks",
					"$(inherited)",
					"$(DEVELOPER_FRAMEWORKS_DIR)",
				);
				GCC_PRECOMPILE_PREFIX_HEADER = YES;
				GCC_PREFIX_HEADER = "esl/esl-Prefix.pch";
				GCC_PREPROCESSOR_DEFINITIONS = (
					"DEBUG=1",
					"$(inherited)",
				);
				INFOPLIST_FILE = "eslTests/eslTests-Info.plist";
				PRODUCT_NAME = "$(TARGET_NAME)";
				TEST_HOST = "$(BUNDLE_LOADER)";
				WRAPPER_EXTENSION = xctest;
			};
			name = Debug;
		};
		3E98E137181A01B000AF8C7F /* Release */ = {
			isa = XCBuildConfiguration;
			baseConfigurationReference = 3EE152593C474FB997412F7E /* Pods.xcconfig */;
			buildSettings = {
				BUNDLE_LOADER = "$(BUILT_PRODUCTS_DIR)/esl.app/esl";
				FRAMEWORK_SEARCH_PATHS = (
					"$(SDKROOT)/Developer/Library/Frameworks",
					"$(inherited)",
					"$(DEVELOPER_FRAMEWORKS_DIR)",
				);
				GCC_PRECOMPILE_PREFIX_HEADER = YES;
				GCC_PREFIX_HEADER = "esl/esl-Prefix.pch";
				INFOPLIST_FILE = "eslTests/eslTests-Info.plist";
				PRODUCT_NAME = "$(TARGET_NAME)";
				TEST_HOST = "$(BUNDLE_LOADER)";
				WRAPPER_EXTENSION = xctest;
			};
			name = Release;
		};
/* End XCBuildConfiguration section */

/* Begin XCConfigurationList section */
		3E98E101181A01B000AF8C7F /* Build configuration list for PBXProject "esl" */ = {
			isa = XCConfigurationList;
			buildConfigurations = (
				3E98E130181A01B000AF8C7F /* Debug */,
				3E98E131181A01B000AF8C7F /* Release */,
			);
			defaultConfigurationIsVisible = 0;
			defaultConfigurationName = Release;
		};
		3E98E132181A01B000AF8C7F /* Build configuration list for PBXNativeTarget "esl" */ = {
			isa = XCConfigurationList;
			buildConfigurations = (
				3E98E133181A01B000AF8C7F /* Debug */,
				3E98E134181A01B000AF8C7F /* Release */,
			);
			defaultConfigurationIsVisible = 0;
			defaultConfigurationName = Release;
		};
		3E98E135181A01B000AF8C7F /* Build configuration list for PBXNativeTarget "eslTests" */ = {
			isa = XCConfigurationList;
			buildConfigurations = (
				3E98E136181A01B000AF8C7F /* Debug */,
				3E98E137181A01B000AF8C7F /* Release */,
			);
			defaultConfigurationIsVisible = 0;
			defaultConfigurationName = Release;
		};
/* End XCConfigurationList section */
	};
	rootObject = 3E98E0FE181A01B000AF8C7F /* Project object */;
}
