// !$*UTF8*$!
{
	archiveVersion = 1;
	classes = {
	};
	objectVersion = 46;
	objects = {

/* Begin PBXBuildFile section */
		3E2AE54E181D216C001AAE9D /* ESViewEpisodeController.m in Sources */ = {isa = PBXBuildFile; fileRef = 3E2AE54D181D216C001AAE9D /* ESViewEpisodeController.m */; };
		3E2AE553181D24F9001AAE9D /* ESLinearController.m in Sources */ = {isa = PBXBuildFile; fileRef = 3E2AE552181D24F9001AAE9D /* ESLinearController.m */; };
		3E2AE560181D3C90001AAE9D /* ESSoundPlayer.m in Sources */ = {isa = PBXBuildFile; fileRef = 3E2AE55F181D3C90001AAE9D /* ESSoundPlayer.m */; };
		3E2AE563181D3D42001AAE9D /* ESSoundPlayContext.m in Sources */ = {isa = PBXBuildFile; fileRef = 3E2AE562181D3D42001AAE9D /* ESSoundPlayContext.m */; };
		3E2AE565181D40BF001AAE9D /* AVFoundation.framework in Frameworks */ = {isa = PBXBuildFile; fileRef = 3E2AE564181D40BF001AAE9D /* AVFoundation.framework */; };
		3E2AE56A181D4C3D001AAE9D /* PlayerStatusView.m in Sources */ = {isa = PBXBuildFile; fileRef = 3E2AE569181D4C3D001AAE9D /* PlayerStatusView.m */; };
		3E2AE577181E3C2B001AAE9D /* ApplicationKeeper.m in Sources */ = {isa = PBXBuildFile; fileRef = 3E2AE576181E3C2B001AAE9D /* ApplicationKeeper.m */; };
		3E2AE579181E3C43001AAE9D /* ApplicationKeeper.mp3 in Resources */ = {isa = PBXBuildFile; fileRef = 3E2AE578181E3C43001AAE9D /* ApplicationKeeper.mp3 */; };
		3E98E10A181A01B000AF8C7F /* Foundation.framework in Frameworks */ = {isa = PBXBuildFile; fileRef = 3E98E109181A01B000AF8C7F /* Foundation.framework */; };
		3E98E10C181A01B000AF8C7F /* CoreGraphics.framework in Frameworks */ = {isa = PBXBuildFile; fileRef = 3E98E10B181A01B000AF8C7F /* CoreGraphics.framework */; };
		3E98E10E181A01B000AF8C7F /* UIKit.framework in Frameworks */ = {isa = PBXBuildFile; fileRef = 3E98E10D181A01B000AF8C7F /* UIKit.framework */; };
		3E98E114181A01B000AF8C7F /* InfoPlist.strings in Resources */ = {isa = PBXBuildFile; fileRef = 3E98E112181A01B000AF8C7F /* InfoPlist.strings */; };
		3E98E116181A01B000AF8C7F /* main.m in Sources */ = {isa = PBXBuildFile; fileRef = 3E98E115181A01B000AF8C7F /* main.m */; };
		3E98E11A181A01B000AF8C7F /* AppDelegate.m in Sources */ = {isa = PBXBuildFile; fileRef = 3E98E119181A01B000AF8C7F /* AppDelegate.m */; };
		3E98E11C181A01B000AF8C7F /* Images.xcassets in Resources */ = {isa = PBXBuildFile; fileRef = 3E98E11B181A01B000AF8C7F /* Images.xcassets */; };
		3E98E123181A01B000AF8C7F /* XCTest.framework in Frameworks */ = {isa = PBXBuildFile; fileRef = 3E98E122181A01B000AF8C7F /* XCTest.framework */; };
		3E98E124181A01B000AF8C7F /* Foundation.framework in Frameworks */ = {isa = PBXBuildFile; fileRef = 3E98E109181A01B000AF8C7F /* Foundation.framework */; };
		3E98E125181A01B000AF8C7F /* UIKit.framework in Frameworks */ = {isa = PBXBuildFile; fileRef = 3E98E10D181A01B000AF8C7F /* UIKit.framework */; };
		3E98E12D181A01B000AF8C7F /* InfoPlist.strings in Resources */ = {isa = PBXBuildFile; fileRef = 3E98E12B181A01B000AF8C7F /* InfoPlist.strings */; };
		3E98E12F181A01B000AF8C7F /* eslTests.m in Sources */ = {isa = PBXBuildFile; fileRef = 3E98E12E181A01B000AF8C7F /* eslTests.m */; };
		3E98E13B181A024100AF8C7F /* ESNewEpisodesController.m in Sources */ = {isa = PBXBuildFile; fileRef = 3E98E13A181A024100AF8C7F /* ESNewEpisodesController.m */; };
		3E98E13E181A02A900AF8C7F /* ESViewController.m in Sources */ = {isa = PBXBuildFile; fileRef = 3E98E13D181A02A900AF8C7F /* ESViewController.m */; };
		3E98E141181A04D600AF8C7F /* ESTableViewController.m in Sources */ = {isa = PBXBuildFile; fileRef = 3E98E140181A04D600AF8C7F /* ESTableViewController.m */; };
		3E98E155181A061300AF8C7F /* SystemConfiguration.framework in Frameworks */ = {isa = PBXBuildFile; fileRef = 3E98E154181A061300AF8C7F /* SystemConfiguration.framework */; };
		3E98E157181A061800AF8C7F /* QuartzCore.framework in Frameworks */ = {isa = PBXBuildFile; fileRef = 3E98E156181A061800AF8C7F /* QuartzCore.framework */; };
		3E98E159181A062800AF8C7F /* MobileCoreServices.framework in Frameworks */ = {isa = PBXBuildFile; fileRef = 3E98E158181A062800AF8C7F /* MobileCoreServices.framework */; };
		3E98E15B181A063600AF8C7F /* MapKit.framework in Frameworks */ = {isa = PBXBuildFile; fileRef = 3E98E15A181A063600AF8C7F /* MapKit.framework */; };
		3E98E15D181A064000AF8C7F /* libz.dylib in Frameworks */ = {isa = PBXBuildFile; fileRef = 3E98E15C181A064000AF8C7F /* libz.dylib */; };
		3E98E15F181A064400AF8C7F /* libxml2.dylib in Frameworks */ = {isa = PBXBuildFile; fileRef = 3E98E15E181A064400AF8C7F /* libxml2.dylib */; };
		3E98E161181A065100AF8C7F /* CoreLocation.framework in Frameworks */ = {isa = PBXBuildFile; fileRef = 3E98E160181A065100AF8C7F /* CoreLocation.framework */; };
		3E98E163181A065700AF8C7F /* CFNetwork.framework in Frameworks */ = {isa = PBXBuildFile; fileRef = 3E98E162181A065700AF8C7F /* CFNetwork.framework */; };
		3E98E164181A065D00AF8C7F /* libSimpleFramework.a in Frameworks */ = {isa = PBXBuildFile; fileRef = 3E98E14E181A056800AF8C7F /* libSimpleFramework.a */; };
		3E98E167181A075800AF8C7F /* ESUIDefaults.m in Sources */ = {isa = PBXBuildFile; fileRef = 3E98E166181A075800AF8C7F /* ESUIDefaults.m */; };
		3E98E168181A075800AF8C7F /* ESUIDefaults.m in Sources */ = {isa = PBXBuildFile; fileRef = 3E98E166181A075800AF8C7F /* ESUIDefaults.m */; };
		3E98E16C181A087700AF8C7F /* ESEpisode.m in Sources */ = {isa = PBXBuildFile; fileRef = 3E98E16B181A087700AF8C7F /* ESEpisode.m */; };
		3E98E16D181A087700AF8C7F /* ESEpisode.m in Sources */ = {isa = PBXBuildFile; fileRef = 3E98E16B181A087700AF8C7F /* ESEpisode.m */; };
		3E98E197181B6DE300AF8C7F /* ESServiceSession.m in Sources */ = {isa = PBXBuildFile; fileRef = 3E98E196181B6DE300AF8C7F /* ESServiceSession.m */; };
		3E98E19C181B6E7400AF8C7F /* ESHTTPRequest.m in Sources */ = {isa = PBXBuildFile; fileRef = 3E98E19B181B6E7400AF8C7F /* ESHTTPRequest.m */; };
		3E98E1A8181CADDA00AF8C7F /* ESEpisodeManager.m in Sources */ = {isa = PBXBuildFile; fileRef = 3E98E1A7181CADDA00AF8C7F /* ESEpisodeManager.m */; };
		3E98E1AE181CB19300AF8C7F /* ESRequestProxyWrapper.m in Sources */ = {isa = PBXBuildFile; fileRef = 3E98E1AD181CB19300AF8C7F /* ESRequestProxyWrapper.m */; };
		3ECA51FD181B474F00740EAF /* ESService.m in Sources */ = {isa = PBXBuildFile; fileRef = 3ECA51FC181B474F00740EAF /* ESService.m */; };
		3ECA5206181C168400740EAF /* ESEpisodeService.m in Sources */ = {isa = PBXBuildFile; fileRef = 3ECA5205181C168400740EAF /* ESEpisodeService.m */; };
		3ECA520B181CA90000740EAF /* ODRefreshControl.m in Sources */ = {isa = PBXBuildFile; fileRef = 3ECA520A181CA90000740EAF /* ODRefreshControl.m */; };
		3ECA5215181D00C100740EAF /* ESLocalEpisodesController.m in Sources */ = {isa = PBXBuildFile; fileRef = 3ECA5214181D00C100740EAF /* ESLocalEpisodesController.m */; };
/* End PBXBuildFile section */

/* Begin PBXContainerItemProxy section */
		3E98E126181A01B000AF8C7F /* PBXContainerItemProxy */ = {
			isa = PBXContainerItemProxy;
			containerPortal = 3E98E0FE181A01B000AF8C7F /* Project object */;
			proxyType = 1;
			remoteGlobalIDString = 3E98E105181A01B000AF8C7F;
			remoteInfo = esl;
		};
		3E98E14D181A056800AF8C7F /* PBXContainerItemProxy */ = {
			isa = PBXContainerItemProxy;
			containerPortal = 3E98E146181A056700AF8C7F /* SimpleFramework.xcodeproj */;
			proxyType = 2;
			remoteGlobalIDString = 3ED2D900179FE96700F1CB39;
			remoteInfo = SimpleFramework;
		};
		3E98E14F181A056800AF8C7F /* PBXContainerItemProxy */ = {
			isa = PBXContainerItemProxy;
			containerPortal = 3E98E146181A056700AF8C7F /* SimpleFramework.xcodeproj */;
			proxyType = 2;
			remoteGlobalIDString = 3ED2D911179FE96700F1CB39;
			remoteInfo = SimpleFrameworkTests;
		};
/* End PBXContainerItemProxy section */

/* Begin PBXFileReference section */
		3E2AE54C181D216C001AAE9D /* ESViewEpisodeController.h */ = {isa = PBXFileReference; fileEncoding = 4; lastKnownFileType = sourcecode.c.h; path = ESViewEpisodeController.h; sourceTree = "<group>"; };
		3E2AE54D181D216C001AAE9D /* ESViewEpisodeController.m */ = {isa = PBXFileReference; fileEncoding = 4; lastKnownFileType = sourcecode.c.objc; path = ESViewEpisodeController.m; sourceTree = "<group>"; };
		3E2AE551181D24F9001AAE9D /* ESLinearController.h */ = {isa = PBXFileReference; fileEncoding = 4; lastKnownFileType = sourcecode.c.h; path = ESLinearController.h; sourceTree = "<group>"; };
		3E2AE552181D24F9001AAE9D /* ESLinearController.m */ = {isa = PBXFileReference; fileEncoding = 4; lastKnownFileType = sourcecode.c.objc; path = ESLinearController.m; sourceTree = "<group>"; };
		3E2AE55E181D3C90001AAE9D /* ESSoundPlayer.h */ = {isa = PBXFileReference; fileEncoding = 4; lastKnownFileType = sourcecode.c.h; path = ESSoundPlayer.h; sourceTree = "<group>"; };
		3E2AE55F181D3C90001AAE9D /* ESSoundPlayer.m */ = {isa = PBXFileReference; fileEncoding = 4; lastKnownFileType = sourcecode.c.objc; path = ESSoundPlayer.m; sourceTree = "<group>"; };
		3E2AE561181D3D42001AAE9D /* ESSoundPlayContext.h */ = {isa = PBXFileReference; fileEncoding = 4; lastKnownFileType = sourcecode.c.h; path = ESSoundPlayContext.h; sourceTree = "<group>"; };
		3E2AE562181D3D42001AAE9D /* ESSoundPlayContext.m */ = {isa = PBXFileReference; fileEncoding = 4; lastKnownFileType = sourcecode.c.objc; path = ESSoundPlayContext.m; sourceTree = "<group>"; };
		3E2AE564181D40BF001AAE9D /* AVFoundation.framework */ = {isa = PBXFileReference; lastKnownFileType = wrapper.framework; name = AVFoundation.framework; path = System/Library/Frameworks/AVFoundation.framework; sourceTree = SDKROOT; };
		3E2AE568181D4C3D001AAE9D /* PlayerStatusView.h */ = {isa = PBXFileReference; fileEncoding = 4; lastKnownFileType = sourcecode.c.h; path = PlayerStatusView.h; sourceTree = "<group>"; };
		3E2AE569181D4C3D001AAE9D /* PlayerStatusView.m */ = {isa = PBXFileReference; fileEncoding = 4; lastKnownFileType = sourcecode.c.objc; path = PlayerStatusView.m; sourceTree = "<group>"; };
		3E2AE575181E3C2B001AAE9D /* ApplicationKeeper.h */ = {isa = PBXFileReference; fileEncoding = 4; lastKnownFileType = sourcecode.c.h; path = ApplicationKeeper.h; sourceTree = "<group>"; };
		3E2AE576181E3C2B001AAE9D /* ApplicationKeeper.m */ = {isa = PBXFileReference; fileEncoding = 4; lastKnownFileType = sourcecode.c.objc; path = ApplicationKeeper.m; sourceTree = "<group>"; };
		3E2AE578181E3C43001AAE9D /* ApplicationKeeper.mp3 */ = {isa = PBXFileReference; lastKnownFileType = audio.mp3; path = ApplicationKeeper.mp3; sourceTree = "<group>"; };
		3E98E106181A01B000AF8C7F /* esl.app */ = {isa = PBXFileReference; explicitFileType = wrapper.application; includeInIndex = 0; path = esl.app; sourceTree = BUILT_PRODUCTS_DIR; };
		3E98E109181A01B000AF8C7F /* Foundation.framework */ = {isa = PBXFileReference; lastKnownFileType = wrapper.framework; name = Foundation.framework; path = System/Library/Frameworks/Foundation.framework; sourceTree = SDKROOT; };
		3E98E10B181A01B000AF8C7F /* CoreGraphics.framework */ = {isa = PBXFileReference; lastKnownFileType = wrapper.framework; name = CoreGraphics.framework; path = System/Library/Frameworks/CoreGraphics.framework; sourceTree = SDKROOT; };
		3E98E10D181A01B000AF8C7F /* UIKit.framework */ = {isa = PBXFileReference; lastKnownFileType = wrapper.framework; name = UIKit.framework; path = System/Library/Frameworks/UIKit.framework; sourceTree = SDKROOT; };
		3E98E111181A01B000AF8C7F /* esl-Info.plist */ = {isa = PBXFileReference; lastKnownFileType = text.plist.xml; path = "esl-Info.plist"; sourceTree = "<group>"; };
		3E98E113181A01B000AF8C7F /* en */ = {isa = PBXFileReference; lastKnownFileType = text.plist.strings; name = en; path = en.lproj/InfoPlist.strings; sourceTree = "<group>"; };
		3E98E115181A01B000AF8C7F /* main.m */ = {isa = PBXFileReference; lastKnownFileType = sourcecode.c.objc; path = main.m; sourceTree = "<group>"; };
		3E98E117181A01B000AF8C7F /* esl-Prefix.pch */ = {isa = PBXFileReference; lastKnownFileType = sourcecode.c.h; path = "esl-Prefix.pch"; sourceTree = "<group>"; };
		3E98E118181A01B000AF8C7F /* AppDelegate.h */ = {isa = PBXFileReference; lastKnownFileType = sourcecode.c.h; path = AppDelegate.h; sourceTree = "<group>"; };
		3E98E119181A01B000AF8C7F /* AppDelegate.m */ = {isa = PBXFileReference; lastKnownFileType = sourcecode.c.objc; path = AppDelegate.m; sourceTree = "<group>"; };
		3E98E11B181A01B000AF8C7F /* Images.xcassets */ = {isa = PBXFileReference; lastKnownFileType = folder.assetcatalog; path = Images.xcassets; sourceTree = "<group>"; };
		3E98E121181A01B000AF8C7F /* eslTests.xctest */ = {isa = PBXFileReference; explicitFileType = wrapper.cfbundle; includeInIndex = 0; path = eslTests.xctest; sourceTree = BUILT_PRODUCTS_DIR; };
		3E98E122181A01B000AF8C7F /* XCTest.framework */ = {isa = PBXFileReference; lastKnownFileType = wrapper.framework; name = XCTest.framework; path = Library/Frameworks/XCTest.framework; sourceTree = DEVELOPER_DIR; };
		3E98E12A181A01B000AF8C7F /* eslTests-Info.plist */ = {isa = PBXFileReference; lastKnownFileType = text.plist.xml; path = "eslTests-Info.plist"; sourceTree = "<group>"; };
		3E98E12C181A01B000AF8C7F /* en */ = {isa = PBXFileReference; lastKnownFileType = text.plist.strings; name = en; path = en.lproj/InfoPlist.strings; sourceTree = "<group>"; };
		3E98E12E181A01B000AF8C7F /* eslTests.m */ = {isa = PBXFileReference; lastKnownFileType = sourcecode.c.objc; path = eslTests.m; sourceTree = "<group>"; };
		3E98E139181A024100AF8C7F /* ESNewEpisodesController.h */ = {isa = PBXFileReference; fileEncoding = 4; lastKnownFileType = sourcecode.c.h; path = ESNewEpisodesController.h; sourceTree = "<group>"; };
		3E98E13A181A024100AF8C7F /* ESNewEpisodesController.m */ = {isa = PBXFileReference; fileEncoding = 4; lastKnownFileType = sourcecode.c.objc; path = ESNewEpisodesController.m; sourceTree = "<group>"; };
		3E98E13C181A02A900AF8C7F /* ESViewController.h */ = {isa = PBXFileReference; fileEncoding = 4; lastKnownFileType = sourcecode.c.h; path = ESViewController.h; sourceTree = "<group>"; };
		3E98E13D181A02A900AF8C7F /* ESViewController.m */ = {isa = PBXFileReference; fileEncoding = 4; lastKnownFileType = sourcecode.c.objc; path = ESViewController.m; sourceTree = "<group>"; };
		3E98E13F181A04D600AF8C7F /* ESTableViewController.h */ = {isa = PBXFileReference; fileEncoding = 4; lastKnownFileType = sourcecode.c.h; path = ESTableViewController.h; sourceTree = "<group>"; };
		3E98E140181A04D600AF8C7F /* ESTableViewController.m */ = {isa = PBXFileReference; fileEncoding = 4; lastKnownFileType = sourcecode.c.objc; path = ESTableViewController.m; sourceTree = "<group>"; };
		3E98E146181A056700AF8C7F /* SimpleFramework.xcodeproj */ = {isa = PBXFileReference; lastKnownFileType = "wrapper.pb-project"; name = SimpleFramework.xcodeproj; path = ../../SimpleFramework/SimpleFramework.xcodeproj; sourceTree = "<group>"; };
		3E98E154181A061300AF8C7F /* SystemConfiguration.framework */ = {isa = PBXFileReference; lastKnownFileType = wrapper.framework; name = SystemConfiguration.framework; path = System/Library/Frameworks/SystemConfiguration.framework; sourceTree = SDKROOT; };
		3E98E156181A061800AF8C7F /* QuartzCore.framework */ = {isa = PBXFileReference; lastKnownFileType = wrapper.framework; name = QuartzCore.framework; path = System/Library/Frameworks/QuartzCore.framework; sourceTree = SDKROOT; };
		3E98E158181A062800AF8C7F /* MobileCoreServices.framework */ = {isa = PBXFileReference; lastKnownFileType = wrapper.framework; name = MobileCoreServices.framework; path = System/Library/Frameworks/MobileCoreServices.framework; sourceTree = SDKROOT; };
		3E98E15A181A063600AF8C7F /* MapKit.framework */ = {isa = PBXFileReference; lastKnownFileType = wrapper.framework; name = MapKit.framework; path = System/Library/Frameworks/MapKit.framework; sourceTree = SDKROOT; };
		3E98E15C181A064000AF8C7F /* libz.dylib */ = {isa = PBXFileReference; lastKnownFileType = "compiled.mach-o.dylib"; name = libz.dylib; path = usr/lib/libz.dylib; sourceTree = SDKROOT; };
		3E98E15E181A064400AF8C7F /* libxml2.dylib */ = {isa = PBXFileReference; lastKnownFileType = "compiled.mach-o.dylib"; name = libxml2.dylib; path = usr/lib/libxml2.dylib; sourceTree = SDKROOT; };
		3E98E160181A065100AF8C7F /* CoreLocation.framework */ = {isa = PBXFileReference; lastKnownFileType = wrapper.framework; name = CoreLocation.framework; path = System/Library/Frameworks/CoreLocation.framework; sourceTree = SDKROOT; };
		3E98E162181A065700AF8C7F /* CFNetwork.framework */ = {isa = PBXFileReference; lastKnownFileType = wrapper.framework; name = CFNetwork.framework; path = System/Library/Frameworks/CFNetwork.framework; sourceTree = SDKROOT; };
		3E98E165181A075800AF8C7F /* ESUIDefaults.h */ = {isa = PBXFileReference; fileEncoding = 4; lastKnownFileType = sourcecode.c.h; path = ESUIDefaults.h; sourceTree = "<group>"; };
		3E98E166181A075800AF8C7F /* ESUIDefaults.m */ = {isa = PBXFileReference; fileEncoding = 4; lastKnownFileType = sourcecode.c.objc; path = ESUIDefaults.m; sourceTree = "<group>"; };
		3E98E16A181A087700AF8C7F /* ESEpisode.h */ = {isa = PBXFileReference; fileEncoding = 4; lastKnownFileType = sourcecode.c.h; path = ESEpisode.h; sourceTree = "<group>"; };
		3E98E16B181A087700AF8C7F /* ESEpisode.m */ = {isa = PBXFileReference; fileEncoding = 4; lastKnownFileType = sourcecode.c.objc; path = ESEpisode.m; sourceTree = "<group>"; };
		3E98E195181B6DE300AF8C7F /* ESServiceSession.h */ = {isa = PBXFileReference; fileEncoding = 4; lastKnownFileType = sourcecode.c.h; path = ESServiceSession.h; sourceTree = "<group>"; };
		3E98E196181B6DE300AF8C7F /* ESServiceSession.m */ = {isa = PBXFileReference; fileEncoding = 4; lastKnownFileType = sourcecode.c.objc; path = ESServiceSession.m; sourceTree = "<group>"; };
		3E98E19A181B6E7400AF8C7F /* ESHTTPRequest.h */ = {isa = PBXFileReference; fileEncoding = 4; lastKnownFileType = sourcecode.c.h; path = ESHTTPRequest.h; sourceTree = "<group>"; };
		3E98E19B181B6E7400AF8C7F /* ESHTTPRequest.m */ = {isa = PBXFileReference; fileEncoding = 4; lastKnownFileType = sourcecode.c.objc; path = ESHTTPRequest.m; sourceTree = "<group>"; };
		3E98E1A6181CADDA00AF8C7F /* ESEpisodeManager.h */ = {isa = PBXFileReference; fileEncoding = 4; lastKnownFileType = sourcecode.c.h; path = ESEpisodeManager.h; sourceTree = "<group>"; };
		3E98E1A7181CADDA00AF8C7F /* ESEpisodeManager.m */ = {isa = PBXFileReference; fileEncoding = 4; lastKnownFileType = sourcecode.c.objc; path = ESEpisodeManager.m; sourceTree = "<group>"; };
		3E98E1AC181CB19300AF8C7F /* ESRequestProxyWrapper.h */ = {isa = PBXFileReference; fileEncoding = 4; lastKnownFileType = sourcecode.c.h; path = ESRequestProxyWrapper.h; sourceTree = "<group>"; };
		3E98E1AD181CB19300AF8C7F /* ESRequestProxyWrapper.m */ = {isa = PBXFileReference; fileEncoding = 4; lastKnownFileType = sourcecode.c.objc; path = ESRequestProxyWrapper.m; sourceTree = "<group>"; };
		3ECA51FB181B474F00740EAF /* ESService.h */ = {isa = PBXFileReference; fileEncoding = 4; lastKnownFileType = sourcecode.c.h; path = ESService.h; sourceTree = "<group>"; };
		3ECA51FC181B474F00740EAF /* ESService.m */ = {isa = PBXFileReference; fileEncoding = 4; lastKnownFileType = sourcecode.c.objc; path = ESService.m; sourceTree = "<group>"; };
		3ECA5204181C168400740EAF /* ESEpisodeService.h */ = {isa = PBXFileReference; fileEncoding = 4; lastKnownFileType = sourcecode.c.h; path = ESEpisodeService.h; sourceTree = "<group>"; };
		3ECA5205181C168400740EAF /* ESEpisodeService.m */ = {isa = PBXFileReference; fileEncoding = 4; lastKnownFileType = sourcecode.c.objc; path = ESEpisodeService.m; sourceTree = "<group>"; };
		3ECA5209181CA90000740EAF /* ODRefreshControl.h */ = {isa = PBXFileReference; fileEncoding = 4; lastKnownFileType = sourcecode.c.h; name = ODRefreshControl.h; path = Vendor/ODRefreshControl/ODRefreshControl/ODRefreshControl.h; sourceTree = SOURCE_ROOT; };
		3ECA520A181CA90000740EAF /* ODRefreshControl.m */ = {isa = PBXFileReference; fileEncoding = 4; lastKnownFileType = sourcecode.c.objc; name = ODRefreshControl.m; path = Vendor/ODRefreshControl/ODRefreshControl/ODRefreshControl.m; sourceTree = SOURCE_ROOT; };
		3ECA5213181D00C100740EAF /* ESLocalEpisodesController.h */ = {isa = PBXFileReference; fileEncoding = 4; lastKnownFileType = sourcecode.c.h; path = ESLocalEpisodesController.h; sourceTree = "<group>"; };
		3ECA5214181D00C100740EAF /* ESLocalEpisodesController.m */ = {isa = PBXFileReference; fileEncoding = 4; lastKnownFileType = sourcecode.c.objc; path = ESLocalEpisodesController.m; sourceTree = "<group>"; };
/* End PBXFileReference section */

/* Begin PBXFrameworksBuildPhase section */
		3E98E103181A01B000AF8C7F /* Frameworks */ = {
			isa = PBXFrameworksBuildPhase;
			buildActionMask = 2147483647;
			files = (
				3E2AE565181D40BF001AAE9D /* AVFoundation.framework in Frameworks */,
				3E98E164181A065D00AF8C7F /* libSimpleFramework.a in Frameworks */,
				3E98E163181A065700AF8C7F /* CFNetwork.framework in Frameworks */,
				3E98E161181A065100AF8C7F /* CoreLocation.framework in Frameworks */,
				3E98E15F181A064400AF8C7F /* libxml2.dylib in Frameworks */,
				3E98E15D181A064000AF8C7F /* libz.dylib in Frameworks */,
				3E98E15B181A063600AF8C7F /* MapKit.framework in Frameworks */,
				3E98E159181A062800AF8C7F /* MobileCoreServices.framework in Frameworks */,
				3E98E157181A061800AF8C7F /* QuartzCore.framework in Frameworks */,
				3E98E155181A061300AF8C7F /* SystemConfiguration.framework in Frameworks */,
				3E98E10C181A01B000AF8C7F /* CoreGraphics.framework in Frameworks */,
				3E98E10E181A01B000AF8C7F /* UIKit.framework in Frameworks */,
				3E98E10A181A01B000AF8C7F /* Foundation.framework in Frameworks */,
			);
			runOnlyForDeploymentPostprocessing = 0;
		};
		3E98E11E181A01B000AF8C7F /* Frameworks */ = {
			isa = PBXFrameworksBuildPhase;
			buildActionMask = 2147483647;
			files = (
				3E98E123181A01B000AF8C7F /* XCTest.framework in Frameworks */,
				3E98E125181A01B000AF8C7F /* UIKit.framework in Frameworks */,
				3E98E124181A01B000AF8C7F /* Foundation.framework in Frameworks */,
			);
			runOnlyForDeploymentPostprocessing = 0;
		};
/* End PBXFrameworksBuildPhase section */

/* Begin PBXGroup section */
		3E2AE566181D4C2E001AAE9D /* ESViewEpisodeController */ = {
			isa = PBXGroup;
			children = (
				3E2AE567181D4C35001AAE9D /* View */,
				3E2AE54C181D216C001AAE9D /* ESViewEpisodeController.h */,
				3E2AE54D181D216C001AAE9D /* ESViewEpisodeController.m */,
			);
			name = ESViewEpisodeController;
			sourceTree = "<group>";
		};
		3E2AE567181D4C35001AAE9D /* View */ = {
			isa = PBXGroup;
			children = (
				3E2AE568181D4C3D001AAE9D /* PlayerStatusView.h */,
				3E2AE569181D4C3D001AAE9D /* PlayerStatusView.m */,
			);
			name = View;
			sourceTree = "<group>";
		};
		3E2AE574181E3C24001AAE9D /* Utils */ = {
			isa = PBXGroup;
			children = (
				3E2AE578181E3C43001AAE9D /* ApplicationKeeper.mp3 */,
				3E2AE575181E3C2B001AAE9D /* ApplicationKeeper.h */,
				3E2AE576181E3C2B001AAE9D /* ApplicationKeeper.m */,
			);
			name = Utils;
			sourceTree = "<group>";
		};
		3E98E0FD181A01B000AF8C7F = {
			isa = PBXGroup;
			children = (
				3ECA520D181CA92300740EAF /* Vendor */,
				3E98E145181A054700AF8C7F /* Dependencies */,
				3E98E10F181A01B000AF8C7F /* esl */,
				3E98E128181A01B000AF8C7F /* eslTests */,
				3E98E108181A01B000AF8C7F /* Frameworks */,
				3E98E107181A01B000AF8C7F /* Products */,
			);
			sourceTree = "<group>";
		};
		3E98E107181A01B000AF8C7F /* Products */ = {
			isa = PBXGroup;
			children = (
				3E98E106181A01B000AF8C7F /* esl.app */,
				3E98E121181A01B000AF8C7F /* eslTests.xctest */,
			);
			name = Products;
			sourceTree = "<group>";
		};
		3E98E108181A01B000AF8C7F /* Frameworks */ = {
			isa = PBXGroup;
			children = (
				3E2AE564181D40BF001AAE9D /* AVFoundation.framework */,
				3E98E162181A065700AF8C7F /* CFNetwork.framework */,
				3E98E160181A065100AF8C7F /* CoreLocation.framework */,
				3E98E15E181A064400AF8C7F /* libxml2.dylib */,
				3E98E15C181A064000AF8C7F /* libz.dylib */,
				3E98E15A181A063600AF8C7F /* MapKit.framework */,
				3E98E158181A062800AF8C7F /* MobileCoreServices.framework */,
				3E98E156181A061800AF8C7F /* QuartzCore.framework */,
				3E98E154181A061300AF8C7F /* SystemConfiguration.framework */,
				3E98E109181A01B000AF8C7F /* Foundation.framework */,
				3E98E10B181A01B000AF8C7F /* CoreGraphics.framework */,
				3E98E10D181A01B000AF8C7F /* UIKit.framework */,
				3E98E122181A01B000AF8C7F /* XCTest.framework */,
			);
			name = Frameworks;
			sourceTree = "<group>";
		};
		3E98E10F181A01B000AF8C7F /* esl */ = {
			isa = PBXGroup;
			children = (
				3E2AE574181E3C24001AAE9D /* Utils */,
				3E98E1A0181B6F0800AF8C7F /* Service */,
				3E98E169181A07DE00AF8C7F /* Model */,
				3E98E165181A075800AF8C7F /* ESUIDefaults.h */,
				3E98E166181A075800AF8C7F /* ESUIDefaults.m */,
				3E98E1A6181CADDA00AF8C7F /* ESEpisodeManager.h */,
				3E98E1A7181CADDA00AF8C7F /* ESEpisodeManager.m */,
				3E2AE55E181D3C90001AAE9D /* ESSoundPlayer.h */,
				3E2AE55F181D3C90001AAE9D /* ESSoundPlayer.m */,
				3E2AE561181D3D42001AAE9D /* ESSoundPlayContext.h */,
				3E2AE562181D3D42001AAE9D /* ESSoundPlayContext.m */,
				3E98E138181A022400AF8C7F /* ViewController */,
				3E98E118181A01B000AF8C7F /* AppDelegate.h */,
				3E98E119181A01B000AF8C7F /* AppDelegate.m */,
				3E98E11B181A01B000AF8C7F /* Images.xcassets */,
				3E98E110181A01B000AF8C7F /* Supporting Files */,
			);
			path = esl;
			sourceTree = "<group>";
		};
		3E98E110181A01B000AF8C7F /* Supporting Files */ = {
			isa = PBXGroup;
			children = (
				3E98E111181A01B000AF8C7F /* esl-Info.plist */,
				3E98E112181A01B000AF8C7F /* InfoPlist.strings */,
				3E98E115181A01B000AF8C7F /* main.m */,
				3E98E117181A01B000AF8C7F /* esl-Prefix.pch */,
			);
			name = "Supporting Files";
			sourceTree = "<group>";
		};
		3E98E128181A01B000AF8C7F /* eslTests */ = {
			isa = PBXGroup;
			children = (
				3E98E12E181A01B000AF8C7F /* eslTests.m */,
				3E98E129181A01B000AF8C7F /* Supporting Files */,
			);
			path = eslTests;
			sourceTree = "<group>";
		};
		3E98E129181A01B000AF8C7F /* Supporting Files */ = {
			isa = PBXGroup;
			children = (
				3E98E12A181A01B000AF8C7F /* eslTests-Info.plist */,
				3E98E12B181A01B000AF8C7F /* InfoPlist.strings */,
			);
			name = "Supporting Files";
			sourceTree = "<group>";
		};
		3E98E138181A022400AF8C7F /* ViewController */ = {
			isa = PBXGroup;
			children = (
				3E2AE566181D4C2E001AAE9D /* ESViewEpisodeController */,
				3E98E139181A024100AF8C7F /* ESNewEpisodesController.h */,
				3E98E13A181A024100AF8C7F /* ESNewEpisodesController.m */,
				3ECA5213181D00C100740EAF /* ESLocalEpisodesController.h */,
				3ECA5214181D00C100740EAF /* ESLocalEpisodesController.m */,
				3E98E13C181A02A900AF8C7F /* ESViewController.h */,
				3E98E13D181A02A900AF8C7F /* ESViewController.m */,
				3E98E13F181A04D600AF8C7F /* ESTableViewController.h */,
				3E98E140181A04D600AF8C7F /* ESTableViewController.m */,
				3E2AE551181D24F9001AAE9D /* ESLinearController.h */,
				3E2AE552181D24F9001AAE9D /* ESLinearController.m */,
			);
			name = ViewController;
			sourceTree = "<group>";
		};
		3E98E145181A054700AF8C7F /* Dependencies */ = {
			isa = PBXGroup;
			children = (
				3E98E146181A056700AF8C7F /* SimpleFramework.xcodeproj */,
			);
			name = Dependencies;
			path = esl;
			sourceTree = "<group>";
		};
		3E98E147181A056700AF8C7F /* Products */ = {
			isa = PBXGroup;
			children = (
				3E98E14E181A056800AF8C7F /* libSimpleFramework.a */,
				3E98E150181A056800AF8C7F /* SimpleFrameworkTests.octest */,
			);
			name = Products;
			sourceTree = "<group>";
		};
		3E98E169181A07DE00AF8C7F /* Model */ = {
			isa = PBXGroup;
			children = (
				3E98E16A181A087700AF8C7F /* ESEpisode.h */,
				3E98E16B181A087700AF8C7F /* ESEpisode.m */,
			);
			name = Model;
			sourceTree = "<group>";
		};
		3E98E1A0181B6F0800AF8C7F /* Service */ = {
			isa = PBXGroup;
			children = (
				3ECA51FB181B474F00740EAF /* ESService.h */,
				3ECA51FC181B474F00740EAF /* ESService.m */,
				3E98E195181B6DE300AF8C7F /* ESServiceSession.h */,
				3E98E196181B6DE300AF8C7F /* ESServiceSession.m */,
				3E98E19A181B6E7400AF8C7F /* ESHTTPRequest.h */,
				3E98E19B181B6E7400AF8C7F /* ESHTTPRequest.m */,
				3ECA5204181C168400740EAF /* ESEpisodeService.h */,
				3ECA5205181C168400740EAF /* ESEpisodeService.m */,
				3E98E1AC181CB19300AF8C7F /* ESRequestProxyWrapper.h */,
				3E98E1AD181CB19300AF8C7F /* ESRequestProxyWrapper.m */,
			);
			name = Service;
			sourceTree = "<group>";
		};
		3ECA520C181CA90B00740EAF /* ODRefreshControl */ = {
			isa = PBXGroup;
			children = (
				3ECA5209181CA90000740EAF /* ODRefreshControl.h */,
				3ECA520A181CA90000740EAF /* ODRefreshControl.m */,
			);
			name = ODRefreshControl;
			path = esl;
			sourceTree = "<group>";
		};
		3ECA520D181CA92300740EAF /* Vendor */ = {
			isa = PBXGroup;
			children = (
				3ECA520C181CA90B00740EAF /* ODRefreshControl */,
			);
			name = Vendor;
			sourceTree = "<group>";
		};
/* End PBXGroup section */

/* Begin PBXNativeTarget section */
		3E98E105181A01B000AF8C7F /* esl */ = {
			isa = PBXNativeTarget;
			buildConfigurationList = 3E98E132181A01B000AF8C7F /* Build configuration list for PBXNativeTarget "esl" */;
			buildPhases = (
				3E98E102181A01B000AF8C7F /* Sources */,
				3E98E103181A01B000AF8C7F /* Frameworks */,
				3E98E104181A01B000AF8C7F /* Resources */,
			);
			buildRules = (
			);
			dependencies = (
			);
			name = esl;
			productName = esl;
			productReference = 3E98E106181A01B000AF8C7F /* esl.app */;
			productType = "com.apple.product-type.application";
		};
		3E98E120181A01B000AF8C7F /* eslTests */ = {
			isa = PBXNativeTarget;
			buildConfigurationList = 3E98E135181A01B000AF8C7F /* Build configuration list for PBXNativeTarget "eslTests" */;
			buildPhases = (
				3E98E11D181A01B000AF8C7F /* Sources */,
				3E98E11E181A01B000AF8C7F /* Frameworks */,
				3E98E11F181A01B000AF8C7F /* Resources */,
			);
			buildRules = (
			);
			dependencies = (
				3E98E127181A01B000AF8C7F /* PBXTargetDependency */,
			);
			name = eslTests;
			productName = eslTests;
			productReference = 3E98E121181A01B000AF8C7F /* eslTests.xctest */;
			productType = "com.apple.product-type.bundle.unit-test";
		};
/* End PBXNativeTarget section */

/* Begin PBXProject section */
		3E98E0FE181A01B000AF8C7F /* Project object */ = {
			isa = PBXProject;
			attributes = {
				LastUpgradeCheck = 0500;
				ORGANIZATIONNAME = yangzexin;
				TargetAttributes = {
					3E98E105181A01B000AF8C7F = {
						SystemCapabilities = {
							com.apple.BackgroundModes = {
								enabled = 1;
							};
						};
					};
					3E98E120181A01B000AF8C7F = {
						TestTargetID = 3E98E105181A01B000AF8C7F;
					};
				};
			};
			buildConfigurationList = 3E98E101181A01B000AF8C7F /* Build configuration list for PBXProject "esl" */;
			compatibilityVersion = "Xcode 3.2";
			developmentRegion = English;
			hasScannedForEncodings = 0;
			knownRegions = (
				en,
			);
			mainGroup = 3E98E0FD181A01B000AF8C7F;
			productRefGroup = 3E98E107181A01B000AF8C7F /* Products */;
			projectDirPath = "";
			projectReferences = (
				{
					ProductGroup = 3E98E147181A056700AF8C7F /* Products */;
					ProjectRef = 3E98E146181A056700AF8C7F /* SimpleFramework.xcodeproj */;
				},
			);
			projectRoot = "";
			targets = (
				3E98E105181A01B000AF8C7F /* esl */,
				3E98E120181A01B000AF8C7F /* eslTests */,
			);
		};
/* End PBXProject section */

/* Begin PBXReferenceProxy section */
		3E98E14E181A056800AF8C7F /* libSimpleFramework.a */ = {
			isa = PBXReferenceProxy;
			fileType = archive.ar;
			path = libSimpleFramework.a;
			remoteRef = 3E98E14D181A056800AF8C7F /* PBXContainerItemProxy */;
			sourceTree = BUILT_PRODUCTS_DIR;
		};
		3E98E150181A056800AF8C7F /* SimpleFrameworkTests.octest */ = {
			isa = PBXReferenceProxy;
			fileType = wrapper.cfbundle;
			path = SimpleFrameworkTests.octest;
			remoteRef = 3E98E14F181A056800AF8C7F /* PBXContainerItemProxy */;
			sourceTree = BUILT_PRODUCTS_DIR;
		};
/* End PBXReferenceProxy section */

/* Begin PBXResourcesBuildPhase section */
		3E98E104181A01B000AF8C7F /* Resources */ = {
			isa = PBXResourcesBuildPhase;
			buildActionMask = 2147483647;
			files = (
				3E98E114181A01B000AF8C7F /* InfoPlist.strings in Resources */,
				3E98E11C181A01B000AF8C7F /* Images.xcassets in Resources */,
				3E2AE579181E3C43001AAE9D /* ApplicationKeeper.mp3 in Resources */,
			);
			runOnlyForDeploymentPostprocessing = 0;
		};
		3E98E11F181A01B000AF8C7F /* Resources */ = {
			isa = PBXResourcesBuildPhase;
			buildActionMask = 2147483647;
			files = (
				3E98E12D181A01B000AF8C7F /* InfoPlist.strings in Resources */,
			);
			runOnlyForDeploymentPostprocessing = 0;
		};
/* End PBXResourcesBuildPhase section */

/* Begin PBXSourcesBuildPhase section */
		3E98E102181A01B000AF8C7F /* Sources */ = {
			isa = PBXSourcesBuildPhase;
			buildActionMask = 2147483647;
			files = (
				3E98E197181B6DE300AF8C7F /* ESServiceSession.m in Sources */,
				3E2AE577181E3C2B001AAE9D /* ApplicationKeeper.m in Sources */,
				3E2AE56A181D4C3D001AAE9D /* PlayerStatusView.m in Sources */,
				3ECA51FD181B474F00740EAF /* ESService.m in Sources */,
				3E2AE560181D3C90001AAE9D /* ESSoundPlayer.m in Sources */,
				3E2AE563181D3D42001AAE9D /* ESSoundPlayContext.m in Sources */,
				3E98E13E181A02A900AF8C7F /* ESViewController.m in Sources */,
				3E98E167181A075800AF8C7F /* ESUIDefaults.m in Sources */,
				3E2AE54E181D216C001AAE9D /* ESViewEpisodeController.m in Sources */,
				3ECA520B181CA90000740EAF /* ODRefreshControl.m in Sources */,
				3E98E141181A04D600AF8C7F /* ESTableViewController.m in Sources */,
				3E98E13B181A024100AF8C7F /* ESNewEpisodesController.m in Sources */,
				3E98E1A8181CADDA00AF8C7F /* ESEpisodeManager.m in Sources */,
				3E98E11A181A01B000AF8C7F /* AppDelegate.m in Sources */,
				3ECA5215181D00C100740EAF /* ESLocalEpisodesController.m in Sources */,
				3E2AE553181D24F9001AAE9D /* ESLinearController.m in Sources */,
				3E98E116181A01B000AF8C7F /* main.m in Sources */,
				3E98E19C181B6E7400AF8C7F /* ESHTTPRequest.m in Sources */,
				3E98E16C181A087700AF8C7F /* ESEpisode.m in Sources */,
				3E98E1AE181CB19300AF8C7F /* ESRequestProxyWrapper.m in Sources */,
				3ECA5206181C168400740EAF /* ESEpisodeService.m in Sources */,
			);
			runOnlyForDeploymentPostprocessing = 0;
		};
		3E98E11D181A01B000AF8C7F /* Sources */ = {
			isa = PBXSourcesBuildPhase;
			buildActionMask = 2147483647;
			files = (
				3E98E12F181A01B000AF8C7F /* eslTests.m in Sources */,
				3E98E16D181A087700AF8C7F /* ESEpisode.m in Sources */,
				3E98E168181A075800AF8C7F /* ESUIDefaults.m in Sources */,
			);
			runOnlyForDeploymentPostprocessing = 0;
		};
/* End PBXSourcesBuildPhase section */

/* Begin PBXTargetDependency section */
		3E98E127181A01B000AF8C7F /* PBXTargetDependency */ = {
			isa = PBXTargetDependency;
			target = 3E98E105181A01B000AF8C7F /* esl */;
			targetProxy = 3E98E126181A01B000AF8C7F /* PBXContainerItemProxy */;
		};
/* End PBXTargetDependency section */

/* Begin PBXVariantGroup section */
		3E98E112181A01B000AF8C7F /* InfoPlist.strings */ = {
			isa = PBXVariantGroup;
			children = (
				3E98E113181A01B000AF8C7F /* en */,
			);
			name = InfoPlist.strings;
			sourceTree = "<group>";
		};
		3E98E12B181A01B000AF8C7F /* InfoPlist.strings */ = {
			isa = PBXVariantGroup;
			children = (
				3E98E12C181A01B000AF8C7F /* en */,
			);
			name = InfoPlist.strings;
			sourceTree = "<group>";
		};
/* End PBXVariantGroup section */

/* Begin XCBuildConfiguration section */
		3E98E130181A01B000AF8C7F /* Debug */ = {
			isa = XCBuildConfiguration;
			buildSettings = {
				ALWAYS_SEARCH_USER_PATHS = NO;
				CLANG_CXX_LANGUAGE_STANDARD = "gnu++0x";
				CLANG_CXX_LIBRARY = "libc++";
				CLANG_ENABLE_MODULES = YES;
				CLANG_ENABLE_OBJC_ARC = YES;
				CLANG_WARN_BOOL_CONVERSION = YES;
				CLANG_WARN_CONSTANT_CONVERSION = YES;
				CLANG_WARN_DIRECT_OBJC_ISA_USAGE = YES_ERROR;
				CLANG_WARN_EMPTY_BODY = YES;
				CLANG_WARN_ENUM_CONVERSION = YES;
				CLANG_WARN_INT_CONVERSION = YES;
				CLANG_WARN_OBJC_ROOT_CLASS = YES_ERROR;
				CLANG_WARN__DUPLICATE_METHOD_MATCH = YES;
				"CODE_SIGN_IDENTITY[sdk=iphoneos*]" = "iPhone Developer";
				COPY_PHASE_STRIP = NO;
				GCC_C_LANGUAGE_STANDARD = gnu99;
				GCC_DYNAMIC_NO_PIC = NO;
				GCC_OPTIMIZATION_LEVEL = 0;
				GCC_PREPROCESSOR_DEFINITIONS = (
					"DEBUG=1",
					"$(inherited)",
				);
				GCC_SYMBOLS_PRIVATE_EXTERN = NO;
				GCC_WARN_64_TO_32_BIT_CONVERSION = YES;
				GCC_WARN_ABOUT_RETURN_TYPE = YES_ERROR;
				GCC_WARN_UNDECLARED_SELECTOR = YES;
				GCC_WARN_UNINITIALIZED_AUTOS = YES;
				GCC_WARN_UNUSED_FUNCTION = YES;
				GCC_WARN_UNUSED_VARIABLE = YES;
				IPHONEOS_DEPLOYMENT_TARGET = 5.0;
				ONLY_ACTIVE_ARCH = YES;
				SDKROOT = iphoneos;
				TARGETED_DEVICE_FAMILY = "1,2";
			};
			name = Debug;
		};
		3E98E131181A01B000AF8C7F /* Release */ = {
			isa = XCBuildConfiguration;
			buildSettings = {
				ALWAYS_SEARCH_USER_PATHS = NO;
				CLANG_CXX_LANGUAGE_STANDARD = "gnu++0x";
				CLANG_CXX_LIBRARY = "libc++";
				CLANG_ENABLE_MODULES = YES;
				CLANG_ENABLE_OBJC_ARC = YES;
				CLANG_WARN_BOOL_CONVERSION = YES;
				CLANG_WARN_CONSTANT_CONVERSION = YES;
				CLANG_WARN_DIRECT_OBJC_ISA_USAGE = YES_ERROR;
				CLANG_WARN_EMPTY_BODY = YES;
				CLANG_WARN_ENUM_CONVERSION = YES;
				CLANG_WARN_INT_CONVERSION = YES;
				CLANG_WARN_OBJC_ROOT_CLASS = YES_ERROR;
				CLANG_WARN__DUPLICATE_METHOD_MATCH = YES;
				"CODE_SIGN_IDENTITY[sdk=iphoneos*]" = "iPhone Developer";
				COPY_PHASE_STRIP = YES;
				ENABLE_NS_ASSERTIONS = NO;
				GCC_C_LANGUAGE_STANDARD = gnu99;
				GCC_WARN_64_TO_32_BIT_CONVERSION = YES;
				GCC_WARN_ABOUT_RETURN_TYPE = YES_ERROR;
				GCC_WARN_UNDECLARED_SELECTOR = YES;
				GCC_WARN_UNINITIALIZED_AUTOS = YES;
				GCC_WARN_UNUSED_FUNCTION = YES;
				GCC_WARN_UNUSED_VARIABLE = YES;
				IPHONEOS_DEPLOYMENT_TARGET = 5.0;
				SDKROOT = iphoneos;
				TARGETED_DEVICE_FAMILY = "1,2";
				VALIDATE_PRODUCT = YES;
			};
			name = Release;
		};
		3E98E133181A01B000AF8C7F /* Debug */ = {
			isa = XCBuildConfiguration;
			buildSettings = {
				ASSETCATALOG_COMPILER_APPICON_NAME = AppIcon;
				ASSETCATALOG_COMPILER_LAUNCHIMAGE_NAME = LaunchImage;
				GCC_PRECOMPILE_PREFIX_HEADER = YES;
				GCC_PREFIX_HEADER = "esl/esl-Prefix.pch";
				INFOPLIST_FILE = "esl/esl-Info.plist";
				IPHONEOS_DEPLOYMENT_TARGET = 5.0;
				OTHER_LDFLAGS = (
					"-Objc",
					"-all_load",
				);
				PRODUCT_NAME = "$(TARGET_NAME)";
				USER_HEADER_SEARCH_PATHS = "../SimpleFramework/**";
				WRAPPER_EXTENSION = app;
			};
			name = Debug;
		};
		3E98E134181A01B000AF8C7F /* Release */ = {
			isa = XCBuildConfiguration;
			buildSettings = {
				ASSETCATALOG_COMPILER_APPICON_NAME = AppIcon;
				ASSETCATALOG_COMPILER_LAUNCHIMAGE_NAME = LaunchImage;
				GCC_PRECOMPILE_PREFIX_HEADER = YES;
				GCC_PREFIX_HEADER = "esl/esl-Prefix.pch";
				INFOPLIST_FILE = "esl/esl-Info.plist";
				IPHONEOS_DEPLOYMENT_TARGET = 5.0;
				OTHER_LDFLAGS = (
					"-Objc",
					"-all_load",
				);
				PRODUCT_NAME = "$(TARGET_NAME)";
				USER_HEADER_SEARCH_PATHS = "../SimpleFramework/**";
				WRAPPER_EXTENSION = app;
			};
			name = Release;
		};
		3E98E136181A01B000AF8C7F /* Debug */ = {
			isa = XCBuildConfiguration;
			buildSettings = {
				BUNDLE_LOADER = "$(BUILT_PRODUCTS_DIR)/esl.app/esl";
				FRAMEWORK_SEARCH_PATHS = (
					"$(SDKROOT)/Developer/Library/Frameworks",
					"$(inherited)",
					"$(DEVELOPER_FRAMEWORKS_DIR)",
				);
				GCC_PRECOMPILE_PREFIX_HEADER = YES;
				GCC_PREFIX_HEADER = "esl/esl-Prefix.pch";
				GCC_PREPROCESSOR_DEFINITIONS = (
					"DEBUG=1",
					"$(inherited)",
				);
				INFOPLIST_FILE = "eslTests/eslTests-Info.plist";
				PRODUCT_NAME = "$(TARGET_NAME)";
				TEST_HOST = "$(BUNDLE_LOADER)";
				WRAPPER_EXTENSION = xctest;
			};
			name = Debug;
		};
		3E98E137181A01B000AF8C7F /* Release */ = {
			isa = XCBuildConfiguration;
			buildSettings = {
				BUNDLE_LOADER = "$(BUILT_PRODUCTS_DIR)/esl.app/esl";
				FRAMEWORK_SEARCH_PATHS = (
					"$(SDKROOT)/Developer/Library/Frameworks",
					"$(inherited)",
					"$(DEVELOPER_FRAMEWORKS_DIR)",
				);
				GCC_PRECOMPILE_PREFIX_HEADER = YES;
				GCC_PREFIX_HEADER = "esl/esl-Prefix.pch";
				INFOPLIST_FILE = "eslTests/eslTests-Info.plist";
				PRODUCT_NAME = "$(TARGET_NAME)";
				TEST_HOST = "$(BUNDLE_LOADER)";
				WRAPPER_EXTENSION = xctest;
			};
			name = Release;
		};
/* End XCBuildConfiguration section */

/* Begin XCConfigurationList section */
		3E98E101181A01B000AF8C7F /* Build configuration list for PBXProject "esl" */ = {
			isa = XCConfigurationList;
			buildConfigurations = (
				3E98E130181A01B000AF8C7F /* Debug */,
				3E98E131181A01B000AF8C7F /* Release */,
			);
			defaultConfigurationIsVisible = 0;
			defaultConfigurationName = Release;
		};
		3E98E132181A01B000AF8C7F /* Build configuration list for PBXNativeTarget "esl" */ = {
			isa = XCConfigurationList;
			buildConfigurations = (
				3E98E133181A01B000AF8C7F /* Debug */,
				3E98E134181A01B000AF8C7F /* Release */,
			);
			defaultConfigurationIsVisible = 0;
			defaultConfigurationName = Release;
		};
		3E98E135181A01B000AF8C7F /* Build configuration list for PBXNativeTarget "eslTests" */ = {
			isa = XCConfigurationList;
			buildConfigurations = (
				3E98E136181A01B000AF8C7F /* Debug */,
				3E98E137181A01B000AF8C7F /* Release */,
			);
			defaultConfigurationIsVisible = 0;
			defaultConfigurationName = Release;
		};
/* End XCConfigurationList section */
	};
	rootObject = 3E98E0FE181A01B000AF8C7F /* Project object */;
}
